
Microsoft Visual Studio Solution File, Format Version 12.00
# Visual Studio Version 17
VisualStudioVersion = 17.2.32630.192
MinimumVisualStudioVersion = 10.0.40219.1
Project("{FAE04EC0-301F-11D3-BF4B-00C04F79EFBC}") = "R5T.T0113.Construction", "R5T.T0113.Construction\R5T.T0113.Construction.csproj", "{8E3A87B1-0DBB-4FE7-A093-2E50560CAD7A}"
EndProject
Project("{FAE04EC0-301F-11D3-BF4B-00C04F79EFBC}") = "R5T.T0113", "R5T.T0113\R5T.T0113.csproj", "{D1927BE1-863F-4B49-B9AC-CB03FC543587}"
EndProject
Project("{2150E333-8FDC-42A3-9474-1A3956D46DE8}") = "_Dependencies", "_Dependencies", "{55BDEA1B-7A4C-4FE5-B6FA-60F2FE560ED9}"
EndProject
Project("{9A19103F-16F7-4668-BE54-9A1E7A4F7556}") = "R5T.T0039.T002", "..\..\R5T.T0039\source\R5T.T0039.T002\R5T.T0039.T002.csproj", "{7D7FE75F-66EA-4B56-BEDC-6760B0E5E491}"
EndProject
Global
	GlobalSection(NestedProjects) = preSolution
		{7D7FE75F-66EA-4B56-BEDC-6760B0E5E491} = {55BDEA1B-7A4C-4FE5-B6FA-60F2FE560ED9}
	EndGlobalSection
	GlobalSection(SolutionConfigurationPlatforms) = preSolution
		Debug|Any CPU = Debug|Any CPU
		Debug|x64 = Debug|x64
		Debug|x86 = Debug|x86
		Release|Any CPU = Release|Any CPU
		Release|x64 = Release|x64
		Release|x86 = Release|x86
	EndGlobalSection
	GlobalSection(ProjectConfigurationPlatforms) = postSolution
		{8E3A87B1-0DBB-4FE7-A093-2E50560CAD7A}.Debug|Any CPU.ActiveCfg = Debug|Any CPU
		{8E3A87B1-0DBB-4FE7-A093-2E50560CAD7A}.Debug|Any CPU.Build.0 = Debug|Any CPU
		{8E3A87B1-0DBB-4FE7-A093-2E50560CAD7A}.Debug|x64.ActiveCfg = Debug|Any CPU
		{8E3A87B1-0DBB-4FE7-A093-2E50560CAD7A}.Debug|x64.Build.0 = Debug|Any CPU
		{8E3A87B1-0DBB-4FE7-A093-2E50560CAD7A}.Debug|x86.ActiveCfg = Debug|Any CPU
		{8E3A87B1-0DBB-4FE7-A093-2E50560CAD7A}.Debug|x86.Build.0 = Debug|Any CPU
		{8E3A87B1-0DBB-4FE7-A093-2E50560CAD7A}.Release|Any CPU.ActiveCfg = Release|Any CPU
		{8E3A87B1-0DBB-4FE7-A093-2E50560CAD7A}.Release|Any CPU.Build.0 = Release|Any CPU
		{8E3A87B1-0DBB-4FE7-A093-2E50560CAD7A}.Release|x64.ActiveCfg = Release|Any CPU
		{8E3A87B1-0DBB-4FE7-A093-2E50560CAD7A}.Release|x64.Build.0 = Release|Any CPU
		{8E3A87B1-0DBB-4FE7-A093-2E50560CAD7A}.Release|x86.ActiveCfg = Release|Any CPU
		{8E3A87B1-0DBB-4FE7-A093-2E50560CAD7A}.Release|x86.Build.0 = Release|Any CPU
		{D1927BE1-863F-4B49-B9AC-CB03FC543587}.Debug|Any CPU.ActiveCfg = Debug|Any CPU
		{D1927BE1-863F-4B49-B9AC-CB03FC543587}.Debug|Any CPU.Build.0 = Debug|Any CPU
		{D1927BE1-863F-4B49-B9AC-CB03FC543587}.Debug|x64.ActiveCfg = Debug|Any CPU
		{D1927BE1-863F-4B49-B9AC-CB03FC543587}.Debug|x64.Build.0 = Debug|Any CPU
		{D1927BE1-863F-4B49-B9AC-CB03FC543587}.Debug|x86.ActiveCfg = Debug|Any CPU
		{D1927BE1-863F-4B49-B9AC-CB03FC543587}.Debug|x86.Build.0 = Debug|Any CPU
		{D1927BE1-863F-4B49-B9AC-CB03FC543587}.Release|Any CPU.ActiveCfg = Release|Any CPU
		{D1927BE1-863F-4B49-B9AC-CB03FC543587}.Release|Any CPU.Build.0 = Release|Any CPU
		{D1927BE1-863F-4B49-B9AC-CB03FC543587}.Release|x64.ActiveCfg = Release|Any CPU
		{D1927BE1-863F-4B49-B9AC-CB03FC543587}.Release|x64.Build.0 = Release|Any CPU
		{D1927BE1-863F-4B49-B9AC-CB03FC543587}.Release|x86.ActiveCfg = Release|Any CPU
		{D1927BE1-863F-4B49-B9AC-CB03FC543587}.Release|x86.Build.0 = Release|Any CPU
		{7D7FE75F-66EA-4B56-BEDC-6760B0E5E491}.Debug|Any CPU.ActiveCfg = Debug|Any CPU
		{7D7FE75F-66EA-4B56-BEDC-6760B0E5E491}.Debug|Any CPU.Build.0 = Debug|Any CPU
		{7D7FE75F-66EA-4B56-BEDC-6760B0E5E491}.Debug|x64.ActiveCfg = Debug|Any CPU
		{7D7FE75F-66EA-4B56-BEDC-6760B0E5E491}.Debug|x64.Build.0 = Debug|Any CPU
		{7D7FE75F-66EA-4B56-BEDC-6760B0E5E491}.Debug|x86.ActiveCfg = Debug|Any CPU
		{7D7FE75F-66EA-4B56-BEDC-6760B0E5E491}.Debug|x86.Build.0 = Debug|Any CPU
		{7D7FE75F-66EA-4B56-BEDC-6760B0E5E491}.Release|Any CPU.ActiveCfg = Release|Any CPU
		{7D7FE75F-66EA-4B56-BEDC-6760B0E5E491}.Release|Any CPU.Build.0 = Release|Any CPU
		{7D7FE75F-66EA-4B56-BEDC-6760B0E5E491}.Release|x64.ActiveCfg = Release|Any CPU
		{7D7FE75F-66EA-4B56-BEDC-6760B0E5E491}.Release|x64.Build.0 = Release|Any CPU
		{7D7FE75F-66EA-4B56-BEDC-6760B0E5E491}.Release|x86.ActiveCfg = Release|Any CPU
		{7D7FE75F-66EA-4B56-BEDC-6760B0E5E491}.Release|x86.Build.0 = Release|Any CPU
	EndGlobalSection
	GlobalSection(SolutionProperties) = preSolution
		HideSolutionNode = FALSE
	EndGlobalSection
EndGlobal
