
Microsoft Visual Studio Solution File, Format Version 12.00
# Visual Studio Version 16
VisualStudioVersion = 16.6.30114.105
MinimumVisualStudioVersion = 10.0.40219.1
Project("{9A19103F-16F7-4668-BE54-9A1E7A4F7556}") = "R5T.T0113", "R5T.T0113\R5T.T0113.csproj", "{680EB2EA-66BD-42A7-804E-4DDF11EB9DC4}"
EndProject
Project("{2150E333-8FDC-42A3-9474-1A3956D46DE8}") = "_Dependencies", "_Dependencies", "{56E034A7-C529-405A-95BC-92E8F3444D62}"
EndProject
Project("{9A19103F-16F7-4668-BE54-9A1E7A4F7556}") = "R5T.T0039.T002", "..\..\R5T.T0039\source\R5T.T0039.T002\R5T.T0039.T002.csproj", "{BCE84F93-FB6C-45E6-B921-398DDF1D46A5}"
EndProject
Project("{9A19103F-16F7-4668-BE54-9A1E7A4F7556}") = "R5T.T0113.X000", "R5T.T0113.X000\R5T.T0113.X000.csproj", "{67A9B215-ECED-42B9-A7F8-C1CA4055C432}"
EndProject
Project("{9A19103F-16F7-4668-BE54-9A1E7A4F7556}") = "R5T.T0114", "..\..\R5T.T0114\source\R5T.T0114\R5T.T0114.csproj", "{06EFC2DA-AE75-48F4-865B-C22975158801}"
EndProject
Project("{9A19103F-16F7-4668-BE54-9A1E7A4F7556}") = "R5T.T0040.X000", "..\..\R5T.T0040\source\R5T.T0040.X000\R5T.T0040.X000.csproj", "{53B03321-C877-4CA0-A322-297A4E89FC09}"
EndProject
Project("{9A19103F-16F7-4668-BE54-9A1E7A4F7556}") = "R5T.T0112.X001", "..\..\R5T.T0112\source\R5T.T0112.X001\R5T.T0112.X001.csproj", "{5219E805-F0EF-4AB0-825A-E92A02FE4C98}"
EndProject
Project("{9A19103F-16F7-4668-BE54-9A1E7A4F7556}") = "R5T.T0032.X0001.X002", "..\..\R5T.T0032.X0001\source\R5T.T0032.X0001.X002\R5T.T0032.X0001.X002.csproj", "{615CCEBF-7F9F-49EC-B63B-045127DD0526}"
EndProject
Project("{9A19103F-16F7-4668-BE54-9A1E7A4F7556}") = "R5T.T0032", "..\..\R5T.T0032\source\R5T.T0032\R5T.T0032.csproj", "{3B926330-0C8F-4E58-B3E1-EF4CF28C444F}"
EndProject
Project("{9A19103F-16F7-4668-BE54-9A1E7A4F7556}") = "R5T.T0037.X001", "..\..\R5T.T0037\source\R5T.T0037.X001\R5T.T0037.X001.csproj", "{0BDFD2D8-7122-47D3-8333-FF7DA63FE943}"
EndProject
Project("{9A19103F-16F7-4668-BE54-9A1E7A4F7556}") = "R5T.T0037", "..\..\R5T.T0037\source\R5T.T0037\R5T.T0037.csproj", "{4F1CE380-1EB2-4273-91E6-694366F3E7E7}"
EndProject
Project("{9A19103F-16F7-4668-BE54-9A1E7A4F7556}") = "R5T.T0041.X002", "..\..\R5T.T0041\source\R5T.T0041.X002\R5T.T0041.X002.csproj", "{9314777D-5B8C-4705-A76E-F090930BF01E}"
EndProject
Project("{9A19103F-16F7-4668-BE54-9A1E7A4F7556}") = "R5T.Magyar.T002", "..\..\R5T.Magyar\source\R5T.Magyar.T002\R5T.Magyar.T002.csproj", "{7758E2C8-6349-4AAC-9D11-4E501600BF43}"
EndProject
Project("{9A19103F-16F7-4668-BE54-9A1E7A4F7556}") = "R5T.T0042.X001", "..\..\R5T.T0042\source\R5T.T0042.X001\R5T.T0042.X001.csproj", "{AAF712BA-C502-404E-8F63-7D44D40F01BD}"
EndProject
Project("{9A19103F-16F7-4668-BE54-9A1E7A4F7556}") = "R5T.Magyar", "..\..\R5T.Magyar\source\R5T.Magyar\R5T.Magyar.csproj", "{D9D46639-FBFB-48F6-ADEC-C66893E67738}"
EndProject
Project("{9A19103F-16F7-4668-BE54-9A1E7A4F7556}") = "R5T.T0042", "..\..\R5T.T0042\source\R5T.T0042\R5T.T0042.csproj", "{7373F653-187E-41EB-B9F1-9010C2CE0D79}"
EndProject
Project("{9A19103F-16F7-4668-BE54-9A1E7A4F7556}") = "R5T.T0041.X001", "..\..\R5T.T0041\source\R5T.T0041.X001\R5T.T0041.X001.csproj", "{76ADA887-24A1-4524-92BD-952C5BE4A281}"
EndProject
Project("{9A19103F-16F7-4668-BE54-9A1E7A4F7556}") = "R5T.T0041", "..\..\R5T.T0041\source\R5T.T0041\R5T.T0041.csproj", "{FD841875-A816-4BC3-BD6A-1A4664BA7FE2}"
EndProject
Project("{9A19103F-16F7-4668-BE54-9A1E7A4F7556}") = "R5T.T0040", "..\..\R5T.T0040\source\R5T.T0040\R5T.T0040.csproj", "{DD7ECE7E-BEBF-4788-ABAF-DD619703AABC}"
EndProject
Project("{9A19103F-16F7-4668-BE54-9A1E7A4F7556}") = "R5T.T0112", "..\..\R5T.T0112\source\R5T.T0112\R5T.T0112.csproj", "{94ABD1B0-3D99-40FE-9262-A5CAFFD89E68}"
EndProject
Project("{9A19103F-16F7-4668-BE54-9A1E7A4F7556}") = "R5T.T0040.X001", "..\..\R5T.T0040\source\R5T.T0040.X001\R5T.T0040.X001.csproj", "{AA16DCB3-780B-4ED5-8555-F94E57E9FD27}"
EndProject
Project("{9A19103F-16F7-4668-BE54-9A1E7A4F7556}") = "R5T.T0113.X001", "R5T.T0113.X001\R5T.T0113.X001.csproj", "{687BCA80-E6C5-4852-A74F-309143B20B10}"
EndProject
Project("{9A19103F-16F7-4668-BE54-9A1E7A4F7556}") = "R5T.T0113.X002", "R5T.T0113.X002\R5T.T0113.X002.csproj", "{FF1047FF-2A4E-4890-B829-66719447E60E}"
EndProject
Project("{9A19103F-16F7-4668-BE54-9A1E7A4F7556}") = "R5T.T0055.X001", "..\..\R5T.T0055\source\R5T.T0055.X001\R5T.T0055.X001.csproj", "{52933DB1-FFB4-4CB3-9E29-EEAF157831EF}"
EndProject
Global
	GlobalSection(SolutionConfigurationPlatforms) = preSolution
		Debug|Any CPU = Debug|Any CPU
		Debug|x64 = Debug|x64
		Debug|x86 = Debug|x86
		Release|Any CPU = Release|Any CPU
		Release|x64 = Release|x64
		Release|x86 = Release|x86
	EndGlobalSection
	GlobalSection(ProjectConfigurationPlatforms) = postSolution
		{680EB2EA-66BD-42A7-804E-4DDF11EB9DC4}.Debug|Any CPU.ActiveCfg = Debug|Any CPU
		{680EB2EA-66BD-42A7-804E-4DDF11EB9DC4}.Debug|Any CPU.Build.0 = Debug|Any CPU
		{680EB2EA-66BD-42A7-804E-4DDF11EB9DC4}.Debug|x64.ActiveCfg = Debug|Any CPU
		{680EB2EA-66BD-42A7-804E-4DDF11EB9DC4}.Debug|x64.Build.0 = Debug|Any CPU
		{680EB2EA-66BD-42A7-804E-4DDF11EB9DC4}.Debug|x86.ActiveCfg = Debug|Any CPU
		{680EB2EA-66BD-42A7-804E-4DDF11EB9DC4}.Debug|x86.Build.0 = Debug|Any CPU
		{680EB2EA-66BD-42A7-804E-4DDF11EB9DC4}.Release|Any CPU.ActiveCfg = Release|Any CPU
		{680EB2EA-66BD-42A7-804E-4DDF11EB9DC4}.Release|Any CPU.Build.0 = Release|Any CPU
		{680EB2EA-66BD-42A7-804E-4DDF11EB9DC4}.Release|x64.ActiveCfg = Release|Any CPU
		{680EB2EA-66BD-42A7-804E-4DDF11EB9DC4}.Release|x64.Build.0 = Release|Any CPU
		{680EB2EA-66BD-42A7-804E-4DDF11EB9DC4}.Release|x86.ActiveCfg = Release|Any CPU
		{680EB2EA-66BD-42A7-804E-4DDF11EB9DC4}.Release|x86.Build.0 = Release|Any CPU
		{BCE84F93-FB6C-45E6-B921-398DDF1D46A5}.Debug|Any CPU.ActiveCfg = Debug|Any CPU
		{BCE84F93-FB6C-45E6-B921-398DDF1D46A5}.Debug|Any CPU.Build.0 = Debug|Any CPU
		{BCE84F93-FB6C-45E6-B921-398DDF1D46A5}.Debug|x64.ActiveCfg = Debug|Any CPU
		{BCE84F93-FB6C-45E6-B921-398DDF1D46A5}.Debug|x64.Build.0 = Debug|Any CPU
		{BCE84F93-FB6C-45E6-B921-398DDF1D46A5}.Debug|x86.ActiveCfg = Debug|Any CPU
		{BCE84F93-FB6C-45E6-B921-398DDF1D46A5}.Debug|x86.Build.0 = Debug|Any CPU
		{BCE84F93-FB6C-45E6-B921-398DDF1D46A5}.Release|Any CPU.ActiveCfg = Release|Any CPU
		{BCE84F93-FB6C-45E6-B921-398DDF1D46A5}.Release|Any CPU.Build.0 = Release|Any CPU
		{BCE84F93-FB6C-45E6-B921-398DDF1D46A5}.Release|x64.ActiveCfg = Release|Any CPU
		{BCE84F93-FB6C-45E6-B921-398DDF1D46A5}.Release|x64.Build.0 = Release|Any CPU
		{BCE84F93-FB6C-45E6-B921-398DDF1D46A5}.Release|x86.ActiveCfg = Release|Any CPU
		{BCE84F93-FB6C-45E6-B921-398DDF1D46A5}.Release|x86.Build.0 = Release|Any CPU
		{67A9B215-ECED-42B9-A7F8-C1CA4055C432}.Debug|Any CPU.ActiveCfg = Debug|Any CPU
		{67A9B215-ECED-42B9-A7F8-C1CA4055C432}.Debug|Any CPU.Build.0 = Debug|Any CPU
		{67A9B215-ECED-42B9-A7F8-C1CA4055C432}.Debug|x64.ActiveCfg = Debug|Any CPU
		{67A9B215-ECED-42B9-A7F8-C1CA4055C432}.Debug|x64.Build.0 = Debug|Any CPU
		{67A9B215-ECED-42B9-A7F8-C1CA4055C432}.Debug|x86.ActiveCfg = Debug|Any CPU
		{67A9B215-ECED-42B9-A7F8-C1CA4055C432}.Debug|x86.Build.0 = Debug|Any CPU
		{67A9B215-ECED-42B9-A7F8-C1CA4055C432}.Release|Any CPU.ActiveCfg = Release|Any CPU
		{67A9B215-ECED-42B9-A7F8-C1CA4055C432}.Release|Any CPU.Build.0 = Release|Any CPU
		{67A9B215-ECED-42B9-A7F8-C1CA4055C432}.Release|x64.ActiveCfg = Release|Any CPU
		{67A9B215-ECED-42B9-A7F8-C1CA4055C432}.Release|x64.Build.0 = Release|Any CPU
		{67A9B215-ECED-42B9-A7F8-C1CA4055C432}.Release|x86.ActiveCfg = Release|Any CPU
		{67A9B215-ECED-42B9-A7F8-C1CA4055C432}.Release|x86.Build.0 = Release|Any CPU
		{06EFC2DA-AE75-48F4-865B-C22975158801}.Debug|Any CPU.ActiveCfg = Debug|Any CPU
		{06EFC2DA-AE75-48F4-865B-C22975158801}.Debug|Any CPU.Build.0 = Debug|Any CPU
		{06EFC2DA-AE75-48F4-865B-C22975158801}.Debug|x64.ActiveCfg = Debug|Any CPU
		{06EFC2DA-AE75-48F4-865B-C22975158801}.Debug|x64.Build.0 = Debug|Any CPU
		{06EFC2DA-AE75-48F4-865B-C22975158801}.Debug|x86.ActiveCfg = Debug|Any CPU
		{06EFC2DA-AE75-48F4-865B-C22975158801}.Debug|x86.Build.0 = Debug|Any CPU
		{06EFC2DA-AE75-48F4-865B-C22975158801}.Release|Any CPU.ActiveCfg = Release|Any CPU
		{06EFC2DA-AE75-48F4-865B-C22975158801}.Release|Any CPU.Build.0 = Release|Any CPU
		{06EFC2DA-AE75-48F4-865B-C22975158801}.Release|x64.ActiveCfg = Release|Any CPU
		{06EFC2DA-AE75-48F4-865B-C22975158801}.Release|x64.Build.0 = Release|Any CPU
		{06EFC2DA-AE75-48F4-865B-C22975158801}.Release|x86.ActiveCfg = Release|Any CPU
		{06EFC2DA-AE75-48F4-865B-C22975158801}.Release|x86.Build.0 = Release|Any CPU
		{53B03321-C877-4CA0-A322-297A4E89FC09}.Debug|Any CPU.ActiveCfg = Debug|Any CPU
		{53B03321-C877-4CA0-A322-297A4E89FC09}.Debug|Any CPU.Build.0 = Debug|Any CPU
		{53B03321-C877-4CA0-A322-297A4E89FC09}.Debug|x64.ActiveCfg = Debug|Any CPU
		{53B03321-C877-4CA0-A322-297A4E89FC09}.Debug|x64.Build.0 = Debug|Any CPU
		{53B03321-C877-4CA0-A322-297A4E89FC09}.Debug|x86.ActiveCfg = Debug|Any CPU
		{53B03321-C877-4CA0-A322-297A4E89FC09}.Debug|x86.Build.0 = Debug|Any CPU
		{53B03321-C877-4CA0-A322-297A4E89FC09}.Release|Any CPU.ActiveCfg = Release|Any CPU
		{53B03321-C877-4CA0-A322-297A4E89FC09}.Release|Any CPU.Build.0 = Release|Any CPU
		{53B03321-C877-4CA0-A322-297A4E89FC09}.Release|x64.ActiveCfg = Release|Any CPU
		{53B03321-C877-4CA0-A322-297A4E89FC09}.Release|x64.Build.0 = Release|Any CPU
		{53B03321-C877-4CA0-A322-297A4E89FC09}.Release|x86.ActiveCfg = Release|Any CPU
		{53B03321-C877-4CA0-A322-297A4E89FC09}.Release|x86.Build.0 = Release|Any CPU
		{5219E805-F0EF-4AB0-825A-E92A02FE4C98}.Debug|Any CPU.ActiveCfg = Debug|Any CPU
		{5219E805-F0EF-4AB0-825A-E92A02FE4C98}.Debug|Any CPU.Build.0 = Debug|Any CPU
		{5219E805-F0EF-4AB0-825A-E92A02FE4C98}.Debug|x64.ActiveCfg = Debug|Any CPU
		{5219E805-F0EF-4AB0-825A-E92A02FE4C98}.Debug|x64.Build.0 = Debug|Any CPU
		{5219E805-F0EF-4AB0-825A-E92A02FE4C98}.Debug|x86.ActiveCfg = Debug|Any CPU
		{5219E805-F0EF-4AB0-825A-E92A02FE4C98}.Debug|x86.Build.0 = Debug|Any CPU
		{5219E805-F0EF-4AB0-825A-E92A02FE4C98}.Release|Any CPU.ActiveCfg = Release|Any CPU
		{5219E805-F0EF-4AB0-825A-E92A02FE4C98}.Release|Any CPU.Build.0 = Release|Any CPU
		{5219E805-F0EF-4AB0-825A-E92A02FE4C98}.Release|x64.ActiveCfg = Release|Any CPU
		{5219E805-F0EF-4AB0-825A-E92A02FE4C98}.Release|x64.Build.0 = Release|Any CPU
		{5219E805-F0EF-4AB0-825A-E92A02FE4C98}.Release|x86.ActiveCfg = Release|Any CPU
		{5219E805-F0EF-4AB0-825A-E92A02FE4C98}.Release|x86.Build.0 = Release|Any CPU
		{615CCEBF-7F9F-49EC-B63B-045127DD0526}.Debug|Any CPU.ActiveCfg = Debug|Any CPU
		{615CCEBF-7F9F-49EC-B63B-045127DD0526}.Debug|Any CPU.Build.0 = Debug|Any CPU
		{615CCEBF-7F9F-49EC-B63B-045127DD0526}.Debug|x64.ActiveCfg = Debug|Any CPU
		{615CCEBF-7F9F-49EC-B63B-045127DD0526}.Debug|x64.Build.0 = Debug|Any CPU
		{615CCEBF-7F9F-49EC-B63B-045127DD0526}.Debug|x86.ActiveCfg = Debug|Any CPU
		{615CCEBF-7F9F-49EC-B63B-045127DD0526}.Debug|x86.Build.0 = Debug|Any CPU
		{615CCEBF-7F9F-49EC-B63B-045127DD0526}.Release|Any CPU.ActiveCfg = Release|Any CPU
		{615CCEBF-7F9F-49EC-B63B-045127DD0526}.Release|Any CPU.Build.0 = Release|Any CPU
		{615CCEBF-7F9F-49EC-B63B-045127DD0526}.Release|x64.ActiveCfg = Release|Any CPU
		{615CCEBF-7F9F-49EC-B63B-045127DD0526}.Release|x64.Build.0 = Release|Any CPU
		{615CCEBF-7F9F-49EC-B63B-045127DD0526}.Release|x86.ActiveCfg = Release|Any CPU
		{615CCEBF-7F9F-49EC-B63B-045127DD0526}.Release|x86.Build.0 = Release|Any CPU
		{3B926330-0C8F-4E58-B3E1-EF4CF28C444F}.Debug|Any CPU.ActiveCfg = Debug|Any CPU
		{3B926330-0C8F-4E58-B3E1-EF4CF28C444F}.Debug|Any CPU.Build.0 = Debug|Any CPU
		{3B926330-0C8F-4E58-B3E1-EF4CF28C444F}.Debug|x64.ActiveCfg = Debug|Any CPU
		{3B926330-0C8F-4E58-B3E1-EF4CF28C444F}.Debug|x64.Build.0 = Debug|Any CPU
		{3B926330-0C8F-4E58-B3E1-EF4CF28C444F}.Debug|x86.ActiveCfg = Debug|Any CPU
		{3B926330-0C8F-4E58-B3E1-EF4CF28C444F}.Debug|x86.Build.0 = Debug|Any CPU
		{3B926330-0C8F-4E58-B3E1-EF4CF28C444F}.Release|Any CPU.ActiveCfg = Release|Any CPU
		{3B926330-0C8F-4E58-B3E1-EF4CF28C444F}.Release|Any CPU.Build.0 = Release|Any CPU
		{3B926330-0C8F-4E58-B3E1-EF4CF28C444F}.Release|x64.ActiveCfg = Release|Any CPU
		{3B926330-0C8F-4E58-B3E1-EF4CF28C444F}.Release|x64.Build.0 = Release|Any CPU
		{3B926330-0C8F-4E58-B3E1-EF4CF28C444F}.Release|x86.ActiveCfg = Release|Any CPU
		{3B926330-0C8F-4E58-B3E1-EF4CF28C444F}.Release|x86.Build.0 = Release|Any CPU
		{0BDFD2D8-7122-47D3-8333-FF7DA63FE943}.Debug|Any CPU.ActiveCfg = Debug|Any CPU
		{0BDFD2D8-7122-47D3-8333-FF7DA63FE943}.Debug|Any CPU.Build.0 = Debug|Any CPU
		{0BDFD2D8-7122-47D3-8333-FF7DA63FE943}.Debug|x64.ActiveCfg = Debug|Any CPU
		{0BDFD2D8-7122-47D3-8333-FF7DA63FE943}.Debug|x64.Build.0 = Debug|Any CPU
		{0BDFD2D8-7122-47D3-8333-FF7DA63FE943}.Debug|x86.ActiveCfg = Debug|Any CPU
		{0BDFD2D8-7122-47D3-8333-FF7DA63FE943}.Debug|x86.Build.0 = Debug|Any CPU
		{0BDFD2D8-7122-47D3-8333-FF7DA63FE943}.Release|Any CPU.ActiveCfg = Release|Any CPU
		{0BDFD2D8-7122-47D3-8333-FF7DA63FE943}.Release|Any CPU.Build.0 = Release|Any CPU
		{0BDFD2D8-7122-47D3-8333-FF7DA63FE943}.Release|x64.ActiveCfg = Release|Any CPU
		{0BDFD2D8-7122-47D3-8333-FF7DA63FE943}.Release|x64.Build.0 = Release|Any CPU
		{0BDFD2D8-7122-47D3-8333-FF7DA63FE943}.Release|x86.ActiveCfg = Release|Any CPU
		{0BDFD2D8-7122-47D3-8333-FF7DA63FE943}.Release|x86.Build.0 = Release|Any CPU
		{4F1CE380-1EB2-4273-91E6-694366F3E7E7}.Debug|Any CPU.ActiveCfg = Debug|Any CPU
		{4F1CE380-1EB2-4273-91E6-694366F3E7E7}.Debug|Any CPU.Build.0 = Debug|Any CPU
		{4F1CE380-1EB2-4273-91E6-694366F3E7E7}.Debug|x64.ActiveCfg = Debug|Any CPU
		{4F1CE380-1EB2-4273-91E6-694366F3E7E7}.Debug|x64.Build.0 = Debug|Any CPU
		{4F1CE380-1EB2-4273-91E6-694366F3E7E7}.Debug|x86.ActiveCfg = Debug|Any CPU
		{4F1CE380-1EB2-4273-91E6-694366F3E7E7}.Debug|x86.Build.0 = Debug|Any CPU
		{4F1CE380-1EB2-4273-91E6-694366F3E7E7}.Release|Any CPU.ActiveCfg = Release|Any CPU
		{4F1CE380-1EB2-4273-91E6-694366F3E7E7}.Release|Any CPU.Build.0 = Release|Any CPU
		{4F1CE380-1EB2-4273-91E6-694366F3E7E7}.Release|x64.ActiveCfg = Release|Any CPU
		{4F1CE380-1EB2-4273-91E6-694366F3E7E7}.Release|x64.Build.0 = Release|Any CPU
		{4F1CE380-1EB2-4273-91E6-694366F3E7E7}.Release|x86.ActiveCfg = Release|Any CPU
		{4F1CE380-1EB2-4273-91E6-694366F3E7E7}.Release|x86.Build.0 = Release|Any CPU
		{9314777D-5B8C-4705-A76E-F090930BF01E}.Debug|Any CPU.ActiveCfg = Debug|Any CPU
		{9314777D-5B8C-4705-A76E-F090930BF01E}.Debug|Any CPU.Build.0 = Debug|Any CPU
		{9314777D-5B8C-4705-A76E-F090930BF01E}.Debug|x64.ActiveCfg = Debug|Any CPU
		{9314777D-5B8C-4705-A76E-F090930BF01E}.Debug|x64.Build.0 = Debug|Any CPU
		{9314777D-5B8C-4705-A76E-F090930BF01E}.Debug|x86.ActiveCfg = Debug|Any CPU
		{9314777D-5B8C-4705-A76E-F090930BF01E}.Debug|x86.Build.0 = Debug|Any CPU
		{9314777D-5B8C-4705-A76E-F090930BF01E}.Release|Any CPU.ActiveCfg = Release|Any CPU
		{9314777D-5B8C-4705-A76E-F090930BF01E}.Release|Any CPU.Build.0 = Release|Any CPU
		{9314777D-5B8C-4705-A76E-F090930BF01E}.Release|x64.ActiveCfg = Release|Any CPU
		{9314777D-5B8C-4705-A76E-F090930BF01E}.Release|x64.Build.0 = Release|Any CPU
		{9314777D-5B8C-4705-A76E-F090930BF01E}.Release|x86.ActiveCfg = Release|Any CPU
		{9314777D-5B8C-4705-A76E-F090930BF01E}.Release|x86.Build.0 = Release|Any CPU
		{7758E2C8-6349-4AAC-9D11-4E501600BF43}.Debug|Any CPU.ActiveCfg = Debug|Any CPU
		{7758E2C8-6349-4AAC-9D11-4E501600BF43}.Debug|Any CPU.Build.0 = Debug|Any CPU
		{7758E2C8-6349-4AAC-9D11-4E501600BF43}.Debug|x64.ActiveCfg = Debug|Any CPU
		{7758E2C8-6349-4AAC-9D11-4E501600BF43}.Debug|x64.Build.0 = Debug|Any CPU
		{7758E2C8-6349-4AAC-9D11-4E501600BF43}.Debug|x86.ActiveCfg = Debug|Any CPU
		{7758E2C8-6349-4AAC-9D11-4E501600BF43}.Debug|x86.Build.0 = Debug|Any CPU
		{7758E2C8-6349-4AAC-9D11-4E501600BF43}.Release|Any CPU.ActiveCfg = Release|Any CPU
		{7758E2C8-6349-4AAC-9D11-4E501600BF43}.Release|Any CPU.Build.0 = Release|Any CPU
		{7758E2C8-6349-4AAC-9D11-4E501600BF43}.Release|x64.ActiveCfg = Release|Any CPU
		{7758E2C8-6349-4AAC-9D11-4E501600BF43}.Release|x64.Build.0 = Release|Any CPU
		{7758E2C8-6349-4AAC-9D11-4E501600BF43}.Release|x86.ActiveCfg = Release|Any CPU
		{7758E2C8-6349-4AAC-9D11-4E501600BF43}.Release|x86.Build.0 = Release|Any CPU
		{AAF712BA-C502-404E-8F63-7D44D40F01BD}.Debug|Any CPU.ActiveCfg = Debug|Any CPU
		{AAF712BA-C502-404E-8F63-7D44D40F01BD}.Debug|Any CPU.Build.0 = Debug|Any CPU
		{AAF712BA-C502-404E-8F63-7D44D40F01BD}.Debug|x64.ActiveCfg = Debug|Any CPU
		{AAF712BA-C502-404E-8F63-7D44D40F01BD}.Debug|x64.Build.0 = Debug|Any CPU
		{AAF712BA-C502-404E-8F63-7D44D40F01BD}.Debug|x86.ActiveCfg = Debug|Any CPU
		{AAF712BA-C502-404E-8F63-7D44D40F01BD}.Debug|x86.Build.0 = Debug|Any CPU
		{AAF712BA-C502-404E-8F63-7D44D40F01BD}.Release|Any CPU.ActiveCfg = Release|Any CPU
		{AAF712BA-C502-404E-8F63-7D44D40F01BD}.Release|Any CPU.Build.0 = Release|Any CPU
		{AAF712BA-C502-404E-8F63-7D44D40F01BD}.Release|x64.ActiveCfg = Release|Any CPU
		{AAF712BA-C502-404E-8F63-7D44D40F01BD}.Release|x64.Build.0 = Release|Any CPU
		{AAF712BA-C502-404E-8F63-7D44D40F01BD}.Release|x86.ActiveCfg = Release|Any CPU
		{AAF712BA-C502-404E-8F63-7D44D40F01BD}.Release|x86.Build.0 = Release|Any CPU
		{D9D46639-FBFB-48F6-ADEC-C66893E67738}.Debug|Any CPU.ActiveCfg = Debug|Any CPU
		{D9D46639-FBFB-48F6-ADEC-C66893E67738}.Debug|Any CPU.Build.0 = Debug|Any CPU
		{D9D46639-FBFB-48F6-ADEC-C66893E67738}.Debug|x64.ActiveCfg = Debug|Any CPU
		{D9D46639-FBFB-48F6-ADEC-C66893E67738}.Debug|x64.Build.0 = Debug|Any CPU
		{D9D46639-FBFB-48F6-ADEC-C66893E67738}.Debug|x86.ActiveCfg = Debug|Any CPU
		{D9D46639-FBFB-48F6-ADEC-C66893E67738}.Debug|x86.Build.0 = Debug|Any CPU
		{D9D46639-FBFB-48F6-ADEC-C66893E67738}.Release|Any CPU.ActiveCfg = Release|Any CPU
		{D9D46639-FBFB-48F6-ADEC-C66893E67738}.Release|Any CPU.Build.0 = Release|Any CPU
		{D9D46639-FBFB-48F6-ADEC-C66893E67738}.Release|x64.ActiveCfg = Release|Any CPU
		{D9D46639-FBFB-48F6-ADEC-C66893E67738}.Release|x64.Build.0 = Release|Any CPU
		{D9D46639-FBFB-48F6-ADEC-C66893E67738}.Release|x86.ActiveCfg = Release|Any CPU
		{D9D46639-FBFB-48F6-ADEC-C66893E67738}.Release|x86.Build.0 = Release|Any CPU
		{7373F653-187E-41EB-B9F1-9010C2CE0D79}.Debug|Any CPU.ActiveCfg = Debug|Any CPU
		{7373F653-187E-41EB-B9F1-9010C2CE0D79}.Debug|Any CPU.Build.0 = Debug|Any CPU
		{7373F653-187E-41EB-B9F1-9010C2CE0D79}.Debug|x64.ActiveCfg = Debug|Any CPU
		{7373F653-187E-41EB-B9F1-9010C2CE0D79}.Debug|x64.Build.0 = Debug|Any CPU
		{7373F653-187E-41EB-B9F1-9010C2CE0D79}.Debug|x86.ActiveCfg = Debug|Any CPU
		{7373F653-187E-41EB-B9F1-9010C2CE0D79}.Debug|x86.Build.0 = Debug|Any CPU
		{7373F653-187E-41EB-B9F1-9010C2CE0D79}.Release|Any CPU.ActiveCfg = Release|Any CPU
		{7373F653-187E-41EB-B9F1-9010C2CE0D79}.Release|Any CPU.Build.0 = Release|Any CPU
		{7373F653-187E-41EB-B9F1-9010C2CE0D79}.Release|x64.ActiveCfg = Release|Any CPU
		{7373F653-187E-41EB-B9F1-9010C2CE0D79}.Release|x64.Build.0 = Release|Any CPU
		{7373F653-187E-41EB-B9F1-9010C2CE0D79}.Release|x86.ActiveCfg = Release|Any CPU
		{7373F653-187E-41EB-B9F1-9010C2CE0D79}.Release|x86.Build.0 = Release|Any CPU
		{76ADA887-24A1-4524-92BD-952C5BE4A281}.Debug|Any CPU.ActiveCfg = Debug|Any CPU
		{76ADA887-24A1-4524-92BD-952C5BE4A281}.Debug|Any CPU.Build.0 = Debug|Any CPU
		{76ADA887-24A1-4524-92BD-952C5BE4A281}.Debug|x64.ActiveCfg = Debug|Any CPU
		{76ADA887-24A1-4524-92BD-952C5BE4A281}.Debug|x64.Build.0 = Debug|Any CPU
		{76ADA887-24A1-4524-92BD-952C5BE4A281}.Debug|x86.ActiveCfg = Debug|Any CPU
		{76ADA887-24A1-4524-92BD-952C5BE4A281}.Debug|x86.Build.0 = Debug|Any CPU
		{76ADA887-24A1-4524-92BD-952C5BE4A281}.Release|Any CPU.ActiveCfg = Release|Any CPU
		{76ADA887-24A1-4524-92BD-952C5BE4A281}.Release|Any CPU.Build.0 = Release|Any CPU
		{76ADA887-24A1-4524-92BD-952C5BE4A281}.Release|x64.ActiveCfg = Release|Any CPU
		{76ADA887-24A1-4524-92BD-952C5BE4A281}.Release|x64.Build.0 = Release|Any CPU
		{76ADA887-24A1-4524-92BD-952C5BE4A281}.Release|x86.ActiveCfg = Release|Any CPU
		{76ADA887-24A1-4524-92BD-952C5BE4A281}.Release|x86.Build.0 = Release|Any CPU
		{FD841875-A816-4BC3-BD6A-1A4664BA7FE2}.Debug|Any CPU.ActiveCfg = Debug|Any CPU
		{FD841875-A816-4BC3-BD6A-1A4664BA7FE2}.Debug|Any CPU.Build.0 = Debug|Any CPU
		{FD841875-A816-4BC3-BD6A-1A4664BA7FE2}.Debug|x64.ActiveCfg = Debug|Any CPU
		{FD841875-A816-4BC3-BD6A-1A4664BA7FE2}.Debug|x64.Build.0 = Debug|Any CPU
		{FD841875-A816-4BC3-BD6A-1A4664BA7FE2}.Debug|x86.ActiveCfg = Debug|Any CPU
		{FD841875-A816-4BC3-BD6A-1A4664BA7FE2}.Debug|x86.Build.0 = Debug|Any CPU
		{FD841875-A816-4BC3-BD6A-1A4664BA7FE2}.Release|Any CPU.ActiveCfg = Release|Any CPU
		{FD841875-A816-4BC3-BD6A-1A4664BA7FE2}.Release|Any CPU.Build.0 = Release|Any CPU
		{FD841875-A816-4BC3-BD6A-1A4664BA7FE2}.Release|x64.ActiveCfg = Release|Any CPU
		{FD841875-A816-4BC3-BD6A-1A4664BA7FE2}.Release|x64.Build.0 = Release|Any CPU
		{FD841875-A816-4BC3-BD6A-1A4664BA7FE2}.Release|x86.ActiveCfg = Release|Any CPU
		{FD841875-A816-4BC3-BD6A-1A4664BA7FE2}.Release|x86.Build.0 = Release|Any CPU
		{DD7ECE7E-BEBF-4788-ABAF-DD619703AABC}.Debug|Any CPU.ActiveCfg = Debug|Any CPU
		{DD7ECE7E-BEBF-4788-ABAF-DD619703AABC}.Debug|Any CPU.Build.0 = Debug|Any CPU
		{DD7ECE7E-BEBF-4788-ABAF-DD619703AABC}.Debug|x64.ActiveCfg = Debug|Any CPU
		{DD7ECE7E-BEBF-4788-ABAF-DD619703AABC}.Debug|x64.Build.0 = Debug|Any CPU
		{DD7ECE7E-BEBF-4788-ABAF-DD619703AABC}.Debug|x86.ActiveCfg = Debug|Any CPU
		{DD7ECE7E-BEBF-4788-ABAF-DD619703AABC}.Debug|x86.Build.0 = Debug|Any CPU
		{DD7ECE7E-BEBF-4788-ABAF-DD619703AABC}.Release|Any CPU.ActiveCfg = Release|Any CPU
		{DD7ECE7E-BEBF-4788-ABAF-DD619703AABC}.Release|Any CPU.Build.0 = Release|Any CPU
		{DD7ECE7E-BEBF-4788-ABAF-DD619703AABC}.Release|x64.ActiveCfg = Release|Any CPU
		{DD7ECE7E-BEBF-4788-ABAF-DD619703AABC}.Release|x64.Build.0 = Release|Any CPU
		{DD7ECE7E-BEBF-4788-ABAF-DD619703AABC}.Release|x86.ActiveCfg = Release|Any CPU
		{DD7ECE7E-BEBF-4788-ABAF-DD619703AABC}.Release|x86.Build.0 = Release|Any CPU
		{94ABD1B0-3D99-40FE-9262-A5CAFFD89E68}.Debug|Any CPU.ActiveCfg = Debug|Any CPU
		{94ABD1B0-3D99-40FE-9262-A5CAFFD89E68}.Debug|Any CPU.Build.0 = Debug|Any CPU
		{94ABD1B0-3D99-40FE-9262-A5CAFFD89E68}.Debug|x64.ActiveCfg = Debug|Any CPU
		{94ABD1B0-3D99-40FE-9262-A5CAFFD89E68}.Debug|x64.Build.0 = Debug|Any CPU
		{94ABD1B0-3D99-40FE-9262-A5CAFFD89E68}.Debug|x86.ActiveCfg = Debug|Any CPU
		{94ABD1B0-3D99-40FE-9262-A5CAFFD89E68}.Debug|x86.Build.0 = Debug|Any CPU
		{94ABD1B0-3D99-40FE-9262-A5CAFFD89E68}.Release|Any CPU.ActiveCfg = Release|Any CPU
		{94ABD1B0-3D99-40FE-9262-A5CAFFD89E68}.Release|Any CPU.Build.0 = Release|Any CPU
		{94ABD1B0-3D99-40FE-9262-A5CAFFD89E68}.Release|x64.ActiveCfg = Release|Any CPU
		{94ABD1B0-3D99-40FE-9262-A5CAFFD89E68}.Release|x64.Build.0 = Release|Any CPU
		{94ABD1B0-3D99-40FE-9262-A5CAFFD89E68}.Release|x86.ActiveCfg = Release|Any CPU
		{94ABD1B0-3D99-40FE-9262-A5CAFFD89E68}.Release|x86.Build.0 = Release|Any CPU
		{AA16DCB3-780B-4ED5-8555-F94E57E9FD27}.Debug|Any CPU.ActiveCfg = Debug|Any CPU
		{AA16DCB3-780B-4ED5-8555-F94E57E9FD27}.Debug|Any CPU.Build.0 = Debug|Any CPU
		{AA16DCB3-780B-4ED5-8555-F94E57E9FD27}.Debug|x64.ActiveCfg = Debug|Any CPU
		{AA16DCB3-780B-4ED5-8555-F94E57E9FD27}.Debug|x64.Build.0 = Debug|Any CPU
		{AA16DCB3-780B-4ED5-8555-F94E57E9FD27}.Debug|x86.ActiveCfg = Debug|Any CPU
		{AA16DCB3-780B-4ED5-8555-F94E57E9FD27}.Debug|x86.Build.0 = Debug|Any CPU
		{AA16DCB3-780B-4ED5-8555-F94E57E9FD27}.Release|Any CPU.ActiveCfg = Release|Any CPU
		{AA16DCB3-780B-4ED5-8555-F94E57E9FD27}.Release|Any CPU.Build.0 = Release|Any CPU
		{AA16DCB3-780B-4ED5-8555-F94E57E9FD27}.Release|x64.ActiveCfg = Release|Any CPU
		{AA16DCB3-780B-4ED5-8555-F94E57E9FD27}.Release|x64.Build.0 = Release|Any CPU
		{AA16DCB3-780B-4ED5-8555-F94E57E9FD27}.Release|x86.ActiveCfg = Release|Any CPU
		{AA16DCB3-780B-4ED5-8555-F94E57E9FD27}.Release|x86.Build.0 = Release|Any CPU
		{687BCA80-E6C5-4852-A74F-309143B20B10}.Debug|Any CPU.ActiveCfg = Debug|Any CPU
		{687BCA80-E6C5-4852-A74F-309143B20B10}.Debug|Any CPU.Build.0 = Debug|Any CPU
		{687BCA80-E6C5-4852-A74F-309143B20B10}.Debug|x64.ActiveCfg = Debug|Any CPU
		{687BCA80-E6C5-4852-A74F-309143B20B10}.Debug|x64.Build.0 = Debug|Any CPU
		{687BCA80-E6C5-4852-A74F-309143B20B10}.Debug|x86.ActiveCfg = Debug|Any CPU
		{687BCA80-E6C5-4852-A74F-309143B20B10}.Debug|x86.Build.0 = Debug|Any CPU
		{687BCA80-E6C5-4852-A74F-309143B20B10}.Release|Any CPU.ActiveCfg = Release|Any CPU
		{687BCA80-E6C5-4852-A74F-309143B20B10}.Release|Any CPU.Build.0 = Release|Any CPU
		{687BCA80-E6C5-4852-A74F-309143B20B10}.Release|x64.ActiveCfg = Release|Any CPU
		{687BCA80-E6C5-4852-A74F-309143B20B10}.Release|x64.Build.0 = Release|Any CPU
		{687BCA80-E6C5-4852-A74F-309143B20B10}.Release|x86.ActiveCfg = Release|Any CPU
		{687BCA80-E6C5-4852-A74F-309143B20B10}.Release|x86.Build.0 = Release|Any CPU
		{FF1047FF-2A4E-4890-B829-66719447E60E}.Debug|Any CPU.ActiveCfg = Debug|Any CPU
		{FF1047FF-2A4E-4890-B829-66719447E60E}.Debug|Any CPU.Build.0 = Debug|Any CPU
		{FF1047FF-2A4E-4890-B829-66719447E60E}.Debug|x64.ActiveCfg = Debug|Any CPU
		{FF1047FF-2A4E-4890-B829-66719447E60E}.Debug|x64.Build.0 = Debug|Any CPU
		{FF1047FF-2A4E-4890-B829-66719447E60E}.Debug|x86.ActiveCfg = Debug|Any CPU
		{FF1047FF-2A4E-4890-B829-66719447E60E}.Debug|x86.Build.0 = Debug|Any CPU
		{FF1047FF-2A4E-4890-B829-66719447E60E}.Release|Any CPU.ActiveCfg = Release|Any CPU
		{FF1047FF-2A4E-4890-B829-66719447E60E}.Release|Any CPU.Build.0 = Release|Any CPU
		{FF1047FF-2A4E-4890-B829-66719447E60E}.Release|x64.ActiveCfg = Release|Any CPU
		{FF1047FF-2A4E-4890-B829-66719447E60E}.Release|x64.Build.0 = Release|Any CPU
		{FF1047FF-2A4E-4890-B829-66719447E60E}.Release|x86.ActiveCfg = Release|Any CPU
		{FF1047FF-2A4E-4890-B829-66719447E60E}.Release|x86.Build.0 = Release|Any CPU
		{52933DB1-FFB4-4CB3-9E29-EEAF157831EF}.Debug|Any CPU.ActiveCfg = Debug|Any CPU
		{52933DB1-FFB4-4CB3-9E29-EEAF157831EF}.Debug|Any CPU.Build.0 = Debug|Any CPU
		{52933DB1-FFB4-4CB3-9E29-EEAF157831EF}.Debug|x64.ActiveCfg = Debug|Any CPU
		{52933DB1-FFB4-4CB3-9E29-EEAF157831EF}.Debug|x64.Build.0 = Debug|Any CPU
		{52933DB1-FFB4-4CB3-9E29-EEAF157831EF}.Debug|x86.ActiveCfg = Debug|Any CPU
		{52933DB1-FFB4-4CB3-9E29-EEAF157831EF}.Debug|x86.Build.0 = Debug|Any CPU
		{52933DB1-FFB4-4CB3-9E29-EEAF157831EF}.Release|Any CPU.ActiveCfg = Release|Any CPU
		{52933DB1-FFB4-4CB3-9E29-EEAF157831EF}.Release|Any CPU.Build.0 = Release|Any CPU
		{52933DB1-FFB4-4CB3-9E29-EEAF157831EF}.Release|x64.ActiveCfg = Release|Any CPU
		{52933DB1-FFB4-4CB3-9E29-EEAF157831EF}.Release|x64.Build.0 = Release|Any CPU
		{52933DB1-FFB4-4CB3-9E29-EEAF157831EF}.Release|x86.ActiveCfg = Release|Any CPU
		{52933DB1-FFB4-4CB3-9E29-EEAF157831EF}.Release|x86.Build.0 = Release|Any CPU
	EndGlobalSection
	GlobalSection(SolutionProperties) = preSolution
		HideSolutionNode = FALSE
	EndGlobalSection
	GlobalSection(NestedProjects) = preSolution
		{BCE84F93-FB6C-45E6-B921-398DDF1D46A5} = {56E034A7-C529-405A-95BC-92E8F3444D62}
		{06EFC2DA-AE75-48F4-865B-C22975158801} = {56E034A7-C529-405A-95BC-92E8F3444D62}
		{53B03321-C877-4CA0-A322-297A4E89FC09} = {56E034A7-C529-405A-95BC-92E8F3444D62}
		{5219E805-F0EF-4AB0-825A-E92A02FE4C98} = {56E034A7-C529-405A-95BC-92E8F3444D62}
		{615CCEBF-7F9F-49EC-B63B-045127DD0526} = {56E034A7-C529-405A-95BC-92E8F3444D62}
		{3B926330-0C8F-4E58-B3E1-EF4CF28C444F} = {56E034A7-C529-405A-95BC-92E8F3444D62}
		{0BDFD2D8-7122-47D3-8333-FF7DA63FE943} = {56E034A7-C529-405A-95BC-92E8F3444D62}
		{4F1CE380-1EB2-4273-91E6-694366F3E7E7} = {56E034A7-C529-405A-95BC-92E8F3444D62}
		{9314777D-5B8C-4705-A76E-F090930BF01E} = {56E034A7-C529-405A-95BC-92E8F3444D62}
		{7758E2C8-6349-4AAC-9D11-4E501600BF43} = {56E034A7-C529-405A-95BC-92E8F3444D62}
		{AAF712BA-C502-404E-8F63-7D44D40F01BD} = {56E034A7-C529-405A-95BC-92E8F3444D62}
		{D9D46639-FBFB-48F6-ADEC-C66893E67738} = {56E034A7-C529-405A-95BC-92E8F3444D62}
		{7373F653-187E-41EB-B9F1-9010C2CE0D79} = {56E034A7-C529-405A-95BC-92E8F3444D62}
		{76ADA887-24A1-4524-92BD-952C5BE4A281} = {56E034A7-C529-405A-95BC-92E8F3444D62}
		{FD841875-A816-4BC3-BD6A-1A4664BA7FE2} = {56E034A7-C529-405A-95BC-92E8F3444D62}
		{DD7ECE7E-BEBF-4788-ABAF-DD619703AABC} = {56E034A7-C529-405A-95BC-92E8F3444D62}
		{94ABD1B0-3D99-40FE-9262-A5CAFFD89E68} = {56E034A7-C529-405A-95BC-92E8F3444D62}
		{AA16DCB3-780B-4ED5-8555-F94E57E9FD27} = {56E034A7-C529-405A-95BC-92E8F3444D62}
		{52933DB1-FFB4-4CB3-9E29-EEAF157831EF} = {56E034A7-C529-405A-95BC-92E8F3444D62}
	EndGlobalSection
	GlobalSection(ExtensibilityGlobals) = postSolution
		SolutionGuid = {AEAB7060-F45E-4A5F-9251-74329C189299}
	EndGlobalSection
EndGlobal
