
Microsoft Visual Studio Solution File, Format Version 12.00
# Visual Studio Version 17
VisualStudioVersion = 17.2.32630.192
MinimumVisualStudioVersion = 10.0.40219.1
Project("{9A19103F-16F7-4668-BE54-9A1E7A4F7556}") = "R5T.T0113", "R5T.T0113\R5T.T0113.csproj", "{680EB2EA-66BD-42A7-804E-4DDF11EB9DC4}"
EndProject
Project("{2150E333-8FDC-42A3-9474-1A3956D46DE8}") = "_Dependencies", "_Dependencies", "{56E034A7-C529-405A-95BC-92E8F3444D62}"
EndProject
Project("{9A19103F-16F7-4668-BE54-9A1E7A4F7556}") = "R5T.T0039.T002", "..\..\R5T.T0039\source\R5T.T0039.T002\R5T.T0039.T002.csproj", "{BCE84F93-FB6C-45E6-B921-398DDF1D46A5}"
EndProject
Project("{9A19103F-16F7-4668-BE54-9A1E7A4F7556}") = "R5T.T0113.X000", "R5T.T0113.X000\R5T.T0113.X000.csproj", "{67A9B215-ECED-42B9-A7F8-C1CA4055C432}"
EndProject
Project("{9A19103F-16F7-4668-BE54-9A1E7A4F7556}") = "R5T.T0114", "..\..\R5T.T0114\source\R5T.T0114\R5T.T0114.csproj", "{06EFC2DA-AE75-48F4-865B-C22975158801}"
EndProject
Project("{9A19103F-16F7-4668-BE54-9A1E7A4F7556}") = "R5T.T0040.X000", "..\..\R5T.T0040\source\R5T.T0040.X000\R5T.T0040.X000.csproj", "{53B03321-C877-4CA0-A322-297A4E89FC09}"
EndProject
Project("{9A19103F-16F7-4668-BE54-9A1E7A4F7556}") = "R5T.T0112.X001", "..\..\R5T.T0112\source\R5T.T0112.X001\R5T.T0112.X001.csproj", "{5219E805-F0EF-4AB0-825A-E92A02FE4C98}"
EndProject
Project("{9A19103F-16F7-4668-BE54-9A1E7A4F7556}") = "R5T.T0032.X0001.X002", "..\..\R5T.T0032.X0001\source\R5T.T0032.X0001.X002\R5T.T0032.X0001.X002.csproj", "{615CCEBF-7F9F-49EC-B63B-045127DD0526}"
EndProject
Project("{9A19103F-16F7-4668-BE54-9A1E7A4F7556}") = "R5T.T0032", "..\..\R5T.T0032\source\R5T.T0032\R5T.T0032.csproj", "{3B926330-0C8F-4E58-B3E1-EF4CF28C444F}"
EndProject
Project("{9A19103F-16F7-4668-BE54-9A1E7A4F7556}") = "R5T.T0037.X001", "..\..\R5T.T0037\source\R5T.T0037.X001\R5T.T0037.X001.csproj", "{0BDFD2D8-7122-47D3-8333-FF7DA63FE943}"
EndProject
Project("{9A19103F-16F7-4668-BE54-9A1E7A4F7556}") = "R5T.T0037", "..\..\R5T.T0037\source\R5T.T0037\R5T.T0037.csproj", "{4F1CE380-1EB2-4273-91E6-694366F3E7E7}"
EndProject
Project("{9A19103F-16F7-4668-BE54-9A1E7A4F7556}") = "R5T.T0041.X002", "..\..\R5T.T0041\source\R5T.T0041.X002\R5T.T0041.X002.csproj", "{9314777D-5B8C-4705-A76E-F090930BF01E}"
EndProject
Project("{9A19103F-16F7-4668-BE54-9A1E7A4F7556}") = "R5T.Magyar.T002", "..\..\R5T.Magyar\source\R5T.Magyar.T002\R5T.Magyar.T002.csproj", "{7758E2C8-6349-4AAC-9D11-4E501600BF43}"
EndProject
Project("{9A19103F-16F7-4668-BE54-9A1E7A4F7556}") = "R5T.T0042.X001", "..\..\R5T.T0042\source\R5T.T0042.X001\R5T.T0042.X001.csproj", "{AAF712BA-C502-404E-8F63-7D44D40F01BD}"
EndProject
Project("{9A19103F-16F7-4668-BE54-9A1E7A4F7556}") = "R5T.Magyar", "..\..\R5T.Magyar\source\R5T.Magyar\R5T.Magyar.csproj", "{D9D46639-FBFB-48F6-ADEC-C66893E67738}"
EndProject
Project("{9A19103F-16F7-4668-BE54-9A1E7A4F7556}") = "R5T.T0042", "..\..\R5T.T0042\source\R5T.T0042\R5T.T0042.csproj", "{7373F653-187E-41EB-B9F1-9010C2CE0D79}"
EndProject
Project("{9A19103F-16F7-4668-BE54-9A1E7A4F7556}") = "R5T.T0041.X001", "..\..\R5T.T0041\source\R5T.T0041.X001\R5T.T0041.X001.csproj", "{76ADA887-24A1-4524-92BD-952C5BE4A281}"
EndProject
Project("{9A19103F-16F7-4668-BE54-9A1E7A4F7556}") = "R5T.T0041", "..\..\R5T.T0041\source\R5T.T0041\R5T.T0041.csproj", "{FD841875-A816-4BC3-BD6A-1A4664BA7FE2}"
EndProject
Project("{9A19103F-16F7-4668-BE54-9A1E7A4F7556}") = "R5T.T0040", "..\..\R5T.T0040\source\R5T.T0040\R5T.T0040.csproj", "{DD7ECE7E-BEBF-4788-ABAF-DD619703AABC}"
EndProject
Project("{9A19103F-16F7-4668-BE54-9A1E7A4F7556}") = "R5T.T0112", "..\..\R5T.T0112\source\R5T.T0112\R5T.T0112.csproj", "{94ABD1B0-3D99-40FE-9262-A5CAFFD89E68}"
EndProject
Project("{9A19103F-16F7-4668-BE54-9A1E7A4F7556}") = "R5T.T0040.X001", "..\..\R5T.T0040\source\R5T.T0040.X001\R5T.T0040.X001.csproj", "{AA16DCB3-780B-4ED5-8555-F94E57E9FD27}"
EndProject
Project("{9A19103F-16F7-4668-BE54-9A1E7A4F7556}") = "R5T.T0113.X001", "R5T.T0113.X001\R5T.T0113.X001.csproj", "{687BCA80-E6C5-4852-A74F-309143B20B10}"
EndProject
Project("{9A19103F-16F7-4668-BE54-9A1E7A4F7556}") = "R5T.T0113.X002", "R5T.T0113.X002\R5T.T0113.X002.csproj", "{FF1047FF-2A4E-4890-B829-66719447E60E}"
EndProject
Project("{9A19103F-16F7-4668-BE54-9A1E7A4F7556}") = "R5T.T0055.X001", "..\..\R5T.T0055\source\R5T.T0055.X001\R5T.T0055.X001.csproj", "{52933DB1-FFB4-4CB3-9E29-EEAF157831EF}"
EndProject
Project("{9A19103F-16F7-4668-BE54-9A1E7A4F7556}") = "R5T.D0078.T0032", "..\..\R5T.D0078\source\R5T.D0078.T0032\R5T.D0078.T0032.csproj", "{B59FCA17-1588-418E-B237-9528F24577AD}"
EndProject
Project("{9A19103F-16F7-4668-BE54-9A1E7A4F7556}") = "R5T.F0000", "..\..\R5T.F0000\source\R5T.F0000\R5T.F0000.csproj", "{51BBC3E2-6EA1-424A-A5D9-D28275E4D078}"
EndProject
Project("{9A19103F-16F7-4668-BE54-9A1E7A4F7556}") = "R5T.F0002", "..\..\R5T.F0002\source\R5T.F0002\R5T.F0002.csproj", "{92327709-6DF7-4381-9ED8-3374D95A3DE9}"
EndProject
Project("{9A19103F-16F7-4668-BE54-9A1E7A4F7556}") = "R5T.Lombardy.Base", "..\..\R5T.Lombardy.Base\source\R5T.Lombardy.Base\R5T.Lombardy.Base.csproj", "{417B0265-C9E7-4DB5-8A43-42558B955CEB}"
EndProject
Project("{9A19103F-16F7-4668-BE54-9A1E7A4F7556}") = "R5T.Magyar.T002.X000", "..\..\R5T.Magyar\source\R5T.Magyar.T002.X000\R5T.Magyar.T002.X000.csproj", "{7391794E-1D17-4100-B8D2-7C695D1B9483}"
EndProject
Project("{9A19103F-16F7-4668-BE54-9A1E7A4F7556}") = "R5T.T0021.X003", "..\..\R5T.T0021\source\R5T.T0021.X003\R5T.T0021.X003.csproj", "{93AFB865-DDA1-4CF4-AB08-1A3A68687EBC}"
EndProject
Project("{9A19103F-16F7-4668-BE54-9A1E7A4F7556}") = "R5T.T0021", "..\..\R5T.T0021\source\R5T.T0021\R5T.T0021.csproj", "{F6E375AA-5597-4400-BBF3-0A19F27B2E70}"
EndProject
Project("{9A19103F-16F7-4668-BE54-9A1E7A4F7556}") = "R5T.T0055", "..\..\R5T.T0055\source\R5T.T0055\R5T.T0055.csproj", "{7B1D7071-92F2-46CD-839D-C1AA71604B17}"
EndProject
Project("{9A19103F-16F7-4668-BE54-9A1E7A4F7556}") = "R5T.T0064", "..\..\R5T.T0064\source\R5T.T0064\R5T.T0064.csproj", "{E7362A5E-F4FD-43F8-9D43-58401F166629}"
EndProject
Project("{9A19103F-16F7-4668-BE54-9A1E7A4F7556}") = "R5T.T0092", "..\..\R5T.T0092\source\R5T.T0092\R5T.T0092.csproj", "{FA9684C2-BFBA-4B2B-8B08-E5C7DB6C72C2}"
EndProject
Project("{9A19103F-16F7-4668-BE54-9A1E7A4F7556}") = "R5T.T0093", "..\..\R5T.T0093\source\R5T.T0093\R5T.T0093.csproj", "{C1187649-A652-43B7-B560-816F629020C4}"
EndProject
Project("{9A19103F-16F7-4668-BE54-9A1E7A4F7556}") = "R5T.T0122", "..\..\R5T.T0122\source\R5T.T0122\R5T.T0122.csproj", "{14886FF9-FE52-4AE6-97C5-A665C522CD98}"
EndProject
Project("{9A19103F-16F7-4668-BE54-9A1E7A4F7556}") = "R5T.T0131", "..\..\R5T.T0131\source\R5T.T0131\R5T.T0131.csproj", "{63254440-DDED-4C7A-9667-29A24B03D3F9}"
EndProject
Project("{9A19103F-16F7-4668-BE54-9A1E7A4F7556}") = "R5T.T0132", "..\..\R5T.T0132\source\R5T.T0132\R5T.T0132.csproj", "{769E1DD0-1F08-4A61-972A-50AB7CAEE7FD}"
EndProject
Project("{9A19103F-16F7-4668-BE54-9A1E7A4F7556}") = "R5T.T0142", "..\..\R5T.T0142\source\R5T.T0142\R5T.T0142.csproj", "{AB20E03B-26F2-4124-BD7A-542841559486}"
EndProject
Project("{9A19103F-16F7-4668-BE54-9A1E7A4F7556}") = "R5T.T0143", "..\..\R5T.T0143\source\R5T.T0143\R5T.T0143.csproj", "{96A2FACC-027F-4ACE-B7B5-9E8214F4E5A8}"
EndProject
Project("{9A19103F-16F7-4668-BE54-9A1E7A4F7556}") = "R5T.T0156", "..\..\R5T.T0156\source\R5T.T0156\R5T.T0156.csproj", "{94E84FF6-49F3-4ECD-AAAE-4905C833FDA4}"
EndProject
Project("{9A19103F-16F7-4668-BE54-9A1E7A4F7556}") = "R5T.Y0000", "..\..\R5T.Y0000\source\R5T.Y0000\R5T.Y0000.csproj", "{9B0B6C46-DD3D-46C6-B2F6-3014BBA50290}"
EndProject
Project("{9A19103F-16F7-4668-BE54-9A1E7A4F7556}") = "R5T.Z0000", "..\..\R5T.Z0000\source\R5T.Z0000\R5T.Z0000.csproj", "{68C2A42B-70F8-48A4-B580-851B9F8E3BBA}"
EndProject
Global
	GlobalSection(NestedProjects) = preSolution
		{BCE84F93-FB6C-45E6-B921-398DDF1D46A5} = {56E034A7-C529-405A-95BC-92E8F3444D62}
		{06EFC2DA-AE75-48F4-865B-C22975158801} = {56E034A7-C529-405A-95BC-92E8F3444D62}
		{53B03321-C877-4CA0-A322-297A4E89FC09} = {56E034A7-C529-405A-95BC-92E8F3444D62}
		{5219E805-F0EF-4AB0-825A-E92A02FE4C98} = {56E034A7-C529-405A-95BC-92E8F3444D62}
		{615CCEBF-7F9F-49EC-B63B-045127DD0526} = {56E034A7-C529-405A-95BC-92E8F3444D62}
		{3B926330-0C8F-4E58-B3E1-EF4CF28C444F} = {56E034A7-C529-405A-95BC-92E8F3444D62}
		{0BDFD2D8-7122-47D3-8333-FF7DA63FE943} = {56E034A7-C529-405A-95BC-92E8F3444D62}
		{4F1CE380-1EB2-4273-91E6-694366F3E7E7} = {56E034A7-C529-405A-95BC-92E8F3444D62}
		{9314777D-5B8C-4705-A76E-F090930BF01E} = {56E034A7-C529-405A-95BC-92E8F3444D62}
		{7758E2C8-6349-4AAC-9D11-4E501600BF43} = {56E034A7-C529-405A-95BC-92E8F3444D62}
		{AAF712BA-C502-404E-8F63-7D44D40F01BD} = {56E034A7-C529-405A-95BC-92E8F3444D62}
		{D9D46639-FBFB-48F6-ADEC-C66893E67738} = {56E034A7-C529-405A-95BC-92E8F3444D62}
		{7373F653-187E-41EB-B9F1-9010C2CE0D79} = {56E034A7-C529-405A-95BC-92E8F3444D62}
		{76ADA887-24A1-4524-92BD-952C5BE4A281} = {56E034A7-C529-405A-95BC-92E8F3444D62}
		{FD841875-A816-4BC3-BD6A-1A4664BA7FE2} = {56E034A7-C529-405A-95BC-92E8F3444D62}
		{DD7ECE7E-BEBF-4788-ABAF-DD619703AABC} = {56E034A7-C529-405A-95BC-92E8F3444D62}
		{94ABD1B0-3D99-40FE-9262-A5CAFFD89E68} = {56E034A7-C529-405A-95BC-92E8F3444D62}
		{AA16DCB3-780B-4ED5-8555-F94E57E9FD27} = {56E034A7-C529-405A-95BC-92E8F3444D62}
		{52933DB1-FFB4-4CB3-9E29-EEAF157831EF} = {56E034A7-C529-405A-95BC-92E8F3444D62}
		{B59FCA17-1588-418E-B237-9528F24577AD} = {56E034A7-C529-405A-95BC-92E8F3444D62}
		{51BBC3E2-6EA1-424A-A5D9-D28275E4D078} = {56E034A7-C529-405A-95BC-92E8F3444D62}
		{92327709-6DF7-4381-9ED8-3374D95A3DE9} = {56E034A7-C529-405A-95BC-92E8F3444D62}
		{417B0265-C9E7-4DB5-8A43-42558B955CEB} = {56E034A7-C529-405A-95BC-92E8F3444D62}
		{7391794E-1D17-4100-B8D2-7C695D1B9483} = {56E034A7-C529-405A-95BC-92E8F3444D62}
		{93AFB865-DDA1-4CF4-AB08-1A3A68687EBC} = {56E034A7-C529-405A-95BC-92E8F3444D62}
		{F6E375AA-5597-4400-BBF3-0A19F27B2E70} = {56E034A7-C529-405A-95BC-92E8F3444D62}
		{7B1D7071-92F2-46CD-839D-C1AA71604B17} = {56E034A7-C529-405A-95BC-92E8F3444D62}
		{E7362A5E-F4FD-43F8-9D43-58401F166629} = {56E034A7-C529-405A-95BC-92E8F3444D62}
		{FA9684C2-BFBA-4B2B-8B08-E5C7DB6C72C2} = {56E034A7-C529-405A-95BC-92E8F3444D62}
		{C1187649-A652-43B7-B560-816F629020C4} = {56E034A7-C529-405A-95BC-92E8F3444D62}
		{14886FF9-FE52-4AE6-97C5-A665C522CD98} = {56E034A7-C529-405A-95BC-92E8F3444D62}
		{63254440-DDED-4C7A-9667-29A24B03D3F9} = {56E034A7-C529-405A-95BC-92E8F3444D62}
		{769E1DD0-1F08-4A61-972A-50AB7CAEE7FD} = {56E034A7-C529-405A-95BC-92E8F3444D62}
		{AB20E03B-26F2-4124-BD7A-542841559486} = {56E034A7-C529-405A-95BC-92E8F3444D62}
		{96A2FACC-027F-4ACE-B7B5-9E8214F4E5A8} = {56E034A7-C529-405A-95BC-92E8F3444D62}
		{94E84FF6-49F3-4ECD-AAAE-4905C833FDA4} = {56E034A7-C529-405A-95BC-92E8F3444D62}
		{9B0B6C46-DD3D-46C6-B2F6-3014BBA50290} = {56E034A7-C529-405A-95BC-92E8F3444D62}
		{68C2A42B-70F8-48A4-B580-851B9F8E3BBA} = {56E034A7-C529-405A-95BC-92E8F3444D62}
	EndGlobalSection
	GlobalSection(SolutionConfigurationPlatforms) = preSolution
		Debug|Any CPU = Debug|Any CPU
		Debug|x64 = Debug|x64
		Debug|x86 = Debug|x86
		Release|Any CPU = Release|Any CPU
		Release|x64 = Release|x64
		Release|x86 = Release|x86
	EndGlobalSection
	GlobalSection(ProjectConfigurationPlatforms) = postSolution
		{680EB2EA-66BD-42A7-804E-4DDF11EB9DC4}.Debug|Any CPU.ActiveCfg = Debug|Any CPU
		{680EB2EA-66BD-42A7-804E-4DDF11EB9DC4}.Debug|Any CPU.Build.0 = Debug|Any CPU
		{680EB2EA-66BD-42A7-804E-4DDF11EB9DC4}.Debug|x64.ActiveCfg = Debug|Any CPU
		{680EB2EA-66BD-42A7-804E-4DDF11EB9DC4}.Debug|x64.Build.0 = Debug|Any CPU
		{680EB2EA-66BD-42A7-804E-4DDF11EB9DC4}.Debug|x86.ActiveCfg = Debug|Any CPU
		{680EB2EA-66BD-42A7-804E-4DDF11EB9DC4}.Debug|x86.Build.0 = Debug|Any CPU
		{680EB2EA-66BD-42A7-804E-4DDF11EB9DC4}.Release|Any CPU.ActiveCfg = Release|Any CPU
		{680EB2EA-66BD-42A7-804E-4DDF11EB9DC4}.Release|Any CPU.Build.0 = Release|Any CPU
		{680EB2EA-66BD-42A7-804E-4DDF11EB9DC4}.Release|x64.ActiveCfg = Release|Any CPU
		{680EB2EA-66BD-42A7-804E-4DDF11EB9DC4}.Release|x64.Build.0 = Release|Any CPU
		{680EB2EA-66BD-42A7-804E-4DDF11EB9DC4}.Release|x86.ActiveCfg = Release|Any CPU
		{680EB2EA-66BD-42A7-804E-4DDF11EB9DC4}.Release|x86.Build.0 = Release|Any CPU
		{BCE84F93-FB6C-45E6-B921-398DDF1D46A5}.Debug|Any CPU.ActiveCfg = Debug|Any CPU
		{BCE84F93-FB6C-45E6-B921-398DDF1D46A5}.Debug|Any CPU.Build.0 = Debug|Any CPU
		{BCE84F93-FB6C-45E6-B921-398DDF1D46A5}.Debug|x64.ActiveCfg = Debug|Any CPU
		{BCE84F93-FB6C-45E6-B921-398DDF1D46A5}.Debug|x64.Build.0 = Debug|Any CPU
		{BCE84F93-FB6C-45E6-B921-398DDF1D46A5}.Debug|x86.ActiveCfg = Debug|Any CPU
		{BCE84F93-FB6C-45E6-B921-398DDF1D46A5}.Debug|x86.Build.0 = Debug|Any CPU
		{BCE84F93-FB6C-45E6-B921-398DDF1D46A5}.Release|Any CPU.ActiveCfg = Release|Any CPU
		{BCE84F93-FB6C-45E6-B921-398DDF1D46A5}.Release|Any CPU.Build.0 = Release|Any CPU
		{BCE84F93-FB6C-45E6-B921-398DDF1D46A5}.Release|x64.ActiveCfg = Release|Any CPU
		{BCE84F93-FB6C-45E6-B921-398DDF1D46A5}.Release|x64.Build.0 = Release|Any CPU
		{BCE84F93-FB6C-45E6-B921-398DDF1D46A5}.Release|x86.ActiveCfg = Release|Any CPU
		{BCE84F93-FB6C-45E6-B921-398DDF1D46A5}.Release|x86.Build.0 = Release|Any CPU
		{67A9B215-ECED-42B9-A7F8-C1CA4055C432}.Debug|Any CPU.ActiveCfg = Debug|Any CPU
		{67A9B215-ECED-42B9-A7F8-C1CA4055C432}.Debug|Any CPU.Build.0 = Debug|Any CPU
		{67A9B215-ECED-42B9-A7F8-C1CA4055C432}.Debug|x64.ActiveCfg = Debug|Any CPU
		{67A9B215-ECED-42B9-A7F8-C1CA4055C432}.Debug|x64.Build.0 = Debug|Any CPU
		{67A9B215-ECED-42B9-A7F8-C1CA4055C432}.Debug|x86.ActiveCfg = Debug|Any CPU
		{67A9B215-ECED-42B9-A7F8-C1CA4055C432}.Debug|x86.Build.0 = Debug|Any CPU
		{67A9B215-ECED-42B9-A7F8-C1CA4055C432}.Release|Any CPU.ActiveCfg = Release|Any CPU
		{67A9B215-ECED-42B9-A7F8-C1CA4055C432}.Release|Any CPU.Build.0 = Release|Any CPU
		{67A9B215-ECED-42B9-A7F8-C1CA4055C432}.Release|x64.ActiveCfg = Release|Any CPU
		{67A9B215-ECED-42B9-A7F8-C1CA4055C432}.Release|x64.Build.0 = Release|Any CPU
		{67A9B215-ECED-42B9-A7F8-C1CA4055C432}.Release|x86.ActiveCfg = Release|Any CPU
		{67A9B215-ECED-42B9-A7F8-C1CA4055C432}.Release|x86.Build.0 = Release|Any CPU
		{06EFC2DA-AE75-48F4-865B-C22975158801}.Debug|Any CPU.ActiveCfg = Debug|Any CPU
		{06EFC2DA-AE75-48F4-865B-C22975158801}.Debug|Any CPU.Build.0 = Debug|Any CPU
		{06EFC2DA-AE75-48F4-865B-C22975158801}.Debug|x64.ActiveCfg = Debug|Any CPU
		{06EFC2DA-AE75-48F4-865B-C22975158801}.Debug|x64.Build.0 = Debug|Any CPU
		{06EFC2DA-AE75-48F4-865B-C22975158801}.Debug|x86.ActiveCfg = Debug|Any CPU
		{06EFC2DA-AE75-48F4-865B-C22975158801}.Debug|x86.Build.0 = Debug|Any CPU
		{06EFC2DA-AE75-48F4-865B-C22975158801}.Release|Any CPU.ActiveCfg = Release|Any CPU
		{06EFC2DA-AE75-48F4-865B-C22975158801}.Release|Any CPU.Build.0 = Release|Any CPU
		{06EFC2DA-AE75-48F4-865B-C22975158801}.Release|x64.ActiveCfg = Release|Any CPU
		{06EFC2DA-AE75-48F4-865B-C22975158801}.Release|x64.Build.0 = Release|Any CPU
		{06EFC2DA-AE75-48F4-865B-C22975158801}.Release|x86.ActiveCfg = Release|Any CPU
		{06EFC2DA-AE75-48F4-865B-C22975158801}.Release|x86.Build.0 = Release|Any CPU
		{53B03321-C877-4CA0-A322-297A4E89FC09}.Debug|Any CPU.ActiveCfg = Debug|Any CPU
		{53B03321-C877-4CA0-A322-297A4E89FC09}.Debug|Any CPU.Build.0 = Debug|Any CPU
		{53B03321-C877-4CA0-A322-297A4E89FC09}.Debug|x64.ActiveCfg = Debug|Any CPU
		{53B03321-C877-4CA0-A322-297A4E89FC09}.Debug|x64.Build.0 = Debug|Any CPU
		{53B03321-C877-4CA0-A322-297A4E89FC09}.Debug|x86.ActiveCfg = Debug|Any CPU
		{53B03321-C877-4CA0-A322-297A4E89FC09}.Debug|x86.Build.0 = Debug|Any CPU
		{53B03321-C877-4CA0-A322-297A4E89FC09}.Release|Any CPU.ActiveCfg = Release|Any CPU
		{53B03321-C877-4CA0-A322-297A4E89FC09}.Release|Any CPU.Build.0 = Release|Any CPU
		{53B03321-C877-4CA0-A322-297A4E89FC09}.Release|x64.ActiveCfg = Release|Any CPU
		{53B03321-C877-4CA0-A322-297A4E89FC09}.Release|x64.Build.0 = Release|Any CPU
		{53B03321-C877-4CA0-A322-297A4E89FC09}.Release|x86.ActiveCfg = Release|Any CPU
		{53B03321-C877-4CA0-A322-297A4E89FC09}.Release|x86.Build.0 = Release|Any CPU
		{5219E805-F0EF-4AB0-825A-E92A02FE4C98}.Debug|Any CPU.ActiveCfg = Debug|Any CPU
		{5219E805-F0EF-4AB0-825A-E92A02FE4C98}.Debug|Any CPU.Build.0 = Debug|Any CPU
		{5219E805-F0EF-4AB0-825A-E92A02FE4C98}.Debug|x64.ActiveCfg = Debug|Any CPU
		{5219E805-F0EF-4AB0-825A-E92A02FE4C98}.Debug|x64.Build.0 = Debug|Any CPU
		{5219E805-F0EF-4AB0-825A-E92A02FE4C98}.Debug|x86.ActiveCfg = Debug|Any CPU
		{5219E805-F0EF-4AB0-825A-E92A02FE4C98}.Debug|x86.Build.0 = Debug|Any CPU
		{5219E805-F0EF-4AB0-825A-E92A02FE4C98}.Release|Any CPU.ActiveCfg = Release|Any CPU
		{5219E805-F0EF-4AB0-825A-E92A02FE4C98}.Release|Any CPU.Build.0 = Release|Any CPU
		{5219E805-F0EF-4AB0-825A-E92A02FE4C98}.Release|x64.ActiveCfg = Release|Any CPU
		{5219E805-F0EF-4AB0-825A-E92A02FE4C98}.Release|x64.Build.0 = Release|Any CPU
		{5219E805-F0EF-4AB0-825A-E92A02FE4C98}.Release|x86.ActiveCfg = Release|Any CPU
		{5219E805-F0EF-4AB0-825A-E92A02FE4C98}.Release|x86.Build.0 = Release|Any CPU
		{615CCEBF-7F9F-49EC-B63B-045127DD0526}.Debug|Any CPU.ActiveCfg = Debug|Any CPU
		{615CCEBF-7F9F-49EC-B63B-045127DD0526}.Debug|Any CPU.Build.0 = Debug|Any CPU
		{615CCEBF-7F9F-49EC-B63B-045127DD0526}.Debug|x64.ActiveCfg = Debug|Any CPU
		{615CCEBF-7F9F-49EC-B63B-045127DD0526}.Debug|x64.Build.0 = Debug|Any CPU
		{615CCEBF-7F9F-49EC-B63B-045127DD0526}.Debug|x86.ActiveCfg = Debug|Any CPU
		{615CCEBF-7F9F-49EC-B63B-045127DD0526}.Debug|x86.Build.0 = Debug|Any CPU
		{615CCEBF-7F9F-49EC-B63B-045127DD0526}.Release|Any CPU.ActiveCfg = Release|Any CPU
		{615CCEBF-7F9F-49EC-B63B-045127DD0526}.Release|Any CPU.Build.0 = Release|Any CPU
		{615CCEBF-7F9F-49EC-B63B-045127DD0526}.Release|x64.ActiveCfg = Release|Any CPU
		{615CCEBF-7F9F-49EC-B63B-045127DD0526}.Release|x64.Build.0 = Release|Any CPU
		{615CCEBF-7F9F-49EC-B63B-045127DD0526}.Release|x86.ActiveCfg = Release|Any CPU
		{615CCEBF-7F9F-49EC-B63B-045127DD0526}.Release|x86.Build.0 = Release|Any CPU
		{3B926330-0C8F-4E58-B3E1-EF4CF28C444F}.Debug|Any CPU.ActiveCfg = Debug|Any CPU
		{3B926330-0C8F-4E58-B3E1-EF4CF28C444F}.Debug|Any CPU.Build.0 = Debug|Any CPU
		{3B926330-0C8F-4E58-B3E1-EF4CF28C444F}.Debug|x64.ActiveCfg = Debug|Any CPU
		{3B926330-0C8F-4E58-B3E1-EF4CF28C444F}.Debug|x64.Build.0 = Debug|Any CPU
		{3B926330-0C8F-4E58-B3E1-EF4CF28C444F}.Debug|x86.ActiveCfg = Debug|Any CPU
		{3B926330-0C8F-4E58-B3E1-EF4CF28C444F}.Debug|x86.Build.0 = Debug|Any CPU
		{3B926330-0C8F-4E58-B3E1-EF4CF28C444F}.Release|Any CPU.ActiveCfg = Release|Any CPU
		{3B926330-0C8F-4E58-B3E1-EF4CF28C444F}.Release|Any CPU.Build.0 = Release|Any CPU
		{3B926330-0C8F-4E58-B3E1-EF4CF28C444F}.Release|x64.ActiveCfg = Release|Any CPU
		{3B926330-0C8F-4E58-B3E1-EF4CF28C444F}.Release|x64.Build.0 = Release|Any CPU
		{3B926330-0C8F-4E58-B3E1-EF4CF28C444F}.Release|x86.ActiveCfg = Release|Any CPU
		{3B926330-0C8F-4E58-B3E1-EF4CF28C444F}.Release|x86.Build.0 = Release|Any CPU
		{0BDFD2D8-7122-47D3-8333-FF7DA63FE943}.Debug|Any CPU.ActiveCfg = Debug|Any CPU
		{0BDFD2D8-7122-47D3-8333-FF7DA63FE943}.Debug|Any CPU.Build.0 = Debug|Any CPU
		{0BDFD2D8-7122-47D3-8333-FF7DA63FE943}.Debug|x64.ActiveCfg = Debug|Any CPU
		{0BDFD2D8-7122-47D3-8333-FF7DA63FE943}.Debug|x64.Build.0 = Debug|Any CPU
		{0BDFD2D8-7122-47D3-8333-FF7DA63FE943}.Debug|x86.ActiveCfg = Debug|Any CPU
		{0BDFD2D8-7122-47D3-8333-FF7DA63FE943}.Debug|x86.Build.0 = Debug|Any CPU
		{0BDFD2D8-7122-47D3-8333-FF7DA63FE943}.Release|Any CPU.ActiveCfg = Release|Any CPU
		{0BDFD2D8-7122-47D3-8333-FF7DA63FE943}.Release|Any CPU.Build.0 = Release|Any CPU
		{0BDFD2D8-7122-47D3-8333-FF7DA63FE943}.Release|x64.ActiveCfg = Release|Any CPU
		{0BDFD2D8-7122-47D3-8333-FF7DA63FE943}.Release|x64.Build.0 = Release|Any CPU
		{0BDFD2D8-7122-47D3-8333-FF7DA63FE943}.Release|x86.ActiveCfg = Release|Any CPU
		{0BDFD2D8-7122-47D3-8333-FF7DA63FE943}.Release|x86.Build.0 = Release|Any CPU
		{4F1CE380-1EB2-4273-91E6-694366F3E7E7}.Debug|Any CPU.ActiveCfg = Debug|Any CPU
		{4F1CE380-1EB2-4273-91E6-694366F3E7E7}.Debug|Any CPU.Build.0 = Debug|Any CPU
		{4F1CE380-1EB2-4273-91E6-694366F3E7E7}.Debug|x64.ActiveCfg = Debug|Any CPU
		{4F1CE380-1EB2-4273-91E6-694366F3E7E7}.Debug|x64.Build.0 = Debug|Any CPU
		{4F1CE380-1EB2-4273-91E6-694366F3E7E7}.Debug|x86.ActiveCfg = Debug|Any CPU
		{4F1CE380-1EB2-4273-91E6-694366F3E7E7}.Debug|x86.Build.0 = Debug|Any CPU
		{4F1CE380-1EB2-4273-91E6-694366F3E7E7}.Release|Any CPU.ActiveCfg = Release|Any CPU
		{4F1CE380-1EB2-4273-91E6-694366F3E7E7}.Release|Any CPU.Build.0 = Release|Any CPU
		{4F1CE380-1EB2-4273-91E6-694366F3E7E7}.Release|x64.ActiveCfg = Release|Any CPU
		{4F1CE380-1EB2-4273-91E6-694366F3E7E7}.Release|x64.Build.0 = Release|Any CPU
		{4F1CE380-1EB2-4273-91E6-694366F3E7E7}.Release|x86.ActiveCfg = Release|Any CPU
		{4F1CE380-1EB2-4273-91E6-694366F3E7E7}.Release|x86.Build.0 = Release|Any CPU
		{9314777D-5B8C-4705-A76E-F090930BF01E}.Debug|Any CPU.ActiveCfg = Debug|Any CPU
		{9314777D-5B8C-4705-A76E-F090930BF01E}.Debug|Any CPU.Build.0 = Debug|Any CPU
		{9314777D-5B8C-4705-A76E-F090930BF01E}.Debug|x64.ActiveCfg = Debug|Any CPU
		{9314777D-5B8C-4705-A76E-F090930BF01E}.Debug|x64.Build.0 = Debug|Any CPU
		{9314777D-5B8C-4705-A76E-F090930BF01E}.Debug|x86.ActiveCfg = Debug|Any CPU
		{9314777D-5B8C-4705-A76E-F090930BF01E}.Debug|x86.Build.0 = Debug|Any CPU
		{9314777D-5B8C-4705-A76E-F090930BF01E}.Release|Any CPU.ActiveCfg = Release|Any CPU
		{9314777D-5B8C-4705-A76E-F090930BF01E}.Release|Any CPU.Build.0 = Release|Any CPU
		{9314777D-5B8C-4705-A76E-F090930BF01E}.Release|x64.ActiveCfg = Release|Any CPU
		{9314777D-5B8C-4705-A76E-F090930BF01E}.Release|x64.Build.0 = Release|Any CPU
		{9314777D-5B8C-4705-A76E-F090930BF01E}.Release|x86.ActiveCfg = Release|Any CPU
		{9314777D-5B8C-4705-A76E-F090930BF01E}.Release|x86.Build.0 = Release|Any CPU
		{7758E2C8-6349-4AAC-9D11-4E501600BF43}.Debug|Any CPU.ActiveCfg = Debug|Any CPU
		{7758E2C8-6349-4AAC-9D11-4E501600BF43}.Debug|Any CPU.Build.0 = Debug|Any CPU
		{7758E2C8-6349-4AAC-9D11-4E501600BF43}.Debug|x64.ActiveCfg = Debug|Any CPU
		{7758E2C8-6349-4AAC-9D11-4E501600BF43}.Debug|x64.Build.0 = Debug|Any CPU
		{7758E2C8-6349-4AAC-9D11-4E501600BF43}.Debug|x86.ActiveCfg = Debug|Any CPU
		{7758E2C8-6349-4AAC-9D11-4E501600BF43}.Debug|x86.Build.0 = Debug|Any CPU
		{7758E2C8-6349-4AAC-9D11-4E501600BF43}.Release|Any CPU.ActiveCfg = Release|Any CPU
		{7758E2C8-6349-4AAC-9D11-4E501600BF43}.Release|Any CPU.Build.0 = Release|Any CPU
		{7758E2C8-6349-4AAC-9D11-4E501600BF43}.Release|x64.ActiveCfg = Release|Any CPU
		{7758E2C8-6349-4AAC-9D11-4E501600BF43}.Release|x64.Build.0 = Release|Any CPU
		{7758E2C8-6349-4AAC-9D11-4E501600BF43}.Release|x86.ActiveCfg = Release|Any CPU
		{7758E2C8-6349-4AAC-9D11-4E501600BF43}.Release|x86.Build.0 = Release|Any CPU
		{AAF712BA-C502-404E-8F63-7D44D40F01BD}.Debug|Any CPU.ActiveCfg = Debug|Any CPU
		{AAF712BA-C502-404E-8F63-7D44D40F01BD}.Debug|Any CPU.Build.0 = Debug|Any CPU
		{AAF712BA-C502-404E-8F63-7D44D40F01BD}.Debug|x64.ActiveCfg = Debug|Any CPU
		{AAF712BA-C502-404E-8F63-7D44D40F01BD}.Debug|x64.Build.0 = Debug|Any CPU
		{AAF712BA-C502-404E-8F63-7D44D40F01BD}.Debug|x86.ActiveCfg = Debug|Any CPU
		{AAF712BA-C502-404E-8F63-7D44D40F01BD}.Debug|x86.Build.0 = Debug|Any CPU
		{AAF712BA-C502-404E-8F63-7D44D40F01BD}.Release|Any CPU.ActiveCfg = Release|Any CPU
		{AAF712BA-C502-404E-8F63-7D44D40F01BD}.Release|Any CPU.Build.0 = Release|Any CPU
		{AAF712BA-C502-404E-8F63-7D44D40F01BD}.Release|x64.ActiveCfg = Release|Any CPU
		{AAF712BA-C502-404E-8F63-7D44D40F01BD}.Release|x64.Build.0 = Release|Any CPU
		{AAF712BA-C502-404E-8F63-7D44D40F01BD}.Release|x86.ActiveCfg = Release|Any CPU
		{AAF712BA-C502-404E-8F63-7D44D40F01BD}.Release|x86.Build.0 = Release|Any CPU
		{D9D46639-FBFB-48F6-ADEC-C66893E67738}.Debug|Any CPU.ActiveCfg = Debug|Any CPU
		{D9D46639-FBFB-48F6-ADEC-C66893E67738}.Debug|Any CPU.Build.0 = Debug|Any CPU
		{D9D46639-FBFB-48F6-ADEC-C66893E67738}.Debug|x64.ActiveCfg = Debug|Any CPU
		{D9D46639-FBFB-48F6-ADEC-C66893E67738}.Debug|x64.Build.0 = Debug|Any CPU
		{D9D46639-FBFB-48F6-ADEC-C66893E67738}.Debug|x86.ActiveCfg = Debug|Any CPU
		{D9D46639-FBFB-48F6-ADEC-C66893E67738}.Debug|x86.Build.0 = Debug|Any CPU
		{D9D46639-FBFB-48F6-ADEC-C66893E67738}.Release|Any CPU.ActiveCfg = Release|Any CPU
		{D9D46639-FBFB-48F6-ADEC-C66893E67738}.Release|Any CPU.Build.0 = Release|Any CPU
		{D9D46639-FBFB-48F6-ADEC-C66893E67738}.Release|x64.ActiveCfg = Release|Any CPU
		{D9D46639-FBFB-48F6-ADEC-C66893E67738}.Release|x64.Build.0 = Release|Any CPU
		{D9D46639-FBFB-48F6-ADEC-C66893E67738}.Release|x86.ActiveCfg = Release|Any CPU
		{D9D46639-FBFB-48F6-ADEC-C66893E67738}.Release|x86.Build.0 = Release|Any CPU
		{7373F653-187E-41EB-B9F1-9010C2CE0D79}.Debug|Any CPU.ActiveCfg = Debug|Any CPU
		{7373F653-187E-41EB-B9F1-9010C2CE0D79}.Debug|Any CPU.Build.0 = Debug|Any CPU
		{7373F653-187E-41EB-B9F1-9010C2CE0D79}.Debug|x64.ActiveCfg = Debug|Any CPU
		{7373F653-187E-41EB-B9F1-9010C2CE0D79}.Debug|x64.Build.0 = Debug|Any CPU
		{7373F653-187E-41EB-B9F1-9010C2CE0D79}.Debug|x86.ActiveCfg = Debug|Any CPU
		{7373F653-187E-41EB-B9F1-9010C2CE0D79}.Debug|x86.Build.0 = Debug|Any CPU
		{7373F653-187E-41EB-B9F1-9010C2CE0D79}.Release|Any CPU.ActiveCfg = Release|Any CPU
		{7373F653-187E-41EB-B9F1-9010C2CE0D79}.Release|Any CPU.Build.0 = Release|Any CPU
		{7373F653-187E-41EB-B9F1-9010C2CE0D79}.Release|x64.ActiveCfg = Release|Any CPU
		{7373F653-187E-41EB-B9F1-9010C2CE0D79}.Release|x64.Build.0 = Release|Any CPU
		{7373F653-187E-41EB-B9F1-9010C2CE0D79}.Release|x86.ActiveCfg = Release|Any CPU
		{7373F653-187E-41EB-B9F1-9010C2CE0D79}.Release|x86.Build.0 = Release|Any CPU
		{76ADA887-24A1-4524-92BD-952C5BE4A281}.Debug|Any CPU.ActiveCfg = Debug|Any CPU
		{76ADA887-24A1-4524-92BD-952C5BE4A281}.Debug|Any CPU.Build.0 = Debug|Any CPU
		{76ADA887-24A1-4524-92BD-952C5BE4A281}.Debug|x64.ActiveCfg = Debug|Any CPU
		{76ADA887-24A1-4524-92BD-952C5BE4A281}.Debug|x64.Build.0 = Debug|Any CPU
		{76ADA887-24A1-4524-92BD-952C5BE4A281}.Debug|x86.ActiveCfg = Debug|Any CPU
		{76ADA887-24A1-4524-92BD-952C5BE4A281}.Debug|x86.Build.0 = Debug|Any CPU
		{76ADA887-24A1-4524-92BD-952C5BE4A281}.Release|Any CPU.ActiveCfg = Release|Any CPU
		{76ADA887-24A1-4524-92BD-952C5BE4A281}.Release|Any CPU.Build.0 = Release|Any CPU
		{76ADA887-24A1-4524-92BD-952C5BE4A281}.Release|x64.ActiveCfg = Release|Any CPU
		{76ADA887-24A1-4524-92BD-952C5BE4A281}.Release|x64.Build.0 = Release|Any CPU
		{76ADA887-24A1-4524-92BD-952C5BE4A281}.Release|x86.ActiveCfg = Release|Any CPU
		{76ADA887-24A1-4524-92BD-952C5BE4A281}.Release|x86.Build.0 = Release|Any CPU
		{FD841875-A816-4BC3-BD6A-1A4664BA7FE2}.Debug|Any CPU.ActiveCfg = Debug|Any CPU
		{FD841875-A816-4BC3-BD6A-1A4664BA7FE2}.Debug|Any CPU.Build.0 = Debug|Any CPU
		{FD841875-A816-4BC3-BD6A-1A4664BA7FE2}.Debug|x64.ActiveCfg = Debug|Any CPU
		{FD841875-A816-4BC3-BD6A-1A4664BA7FE2}.Debug|x64.Build.0 = Debug|Any CPU
		{FD841875-A816-4BC3-BD6A-1A4664BA7FE2}.Debug|x86.ActiveCfg = Debug|Any CPU
		{FD841875-A816-4BC3-BD6A-1A4664BA7FE2}.Debug|x86.Build.0 = Debug|Any CPU
		{FD841875-A816-4BC3-BD6A-1A4664BA7FE2}.Release|Any CPU.ActiveCfg = Release|Any CPU
		{FD841875-A816-4BC3-BD6A-1A4664BA7FE2}.Release|Any CPU.Build.0 = Release|Any CPU
		{FD841875-A816-4BC3-BD6A-1A4664BA7FE2}.Release|x64.ActiveCfg = Release|Any CPU
		{FD841875-A816-4BC3-BD6A-1A4664BA7FE2}.Release|x64.Build.0 = Release|Any CPU
		{FD841875-A816-4BC3-BD6A-1A4664BA7FE2}.Release|x86.ActiveCfg = Release|Any CPU
		{FD841875-A816-4BC3-BD6A-1A4664BA7FE2}.Release|x86.Build.0 = Release|Any CPU
		{DD7ECE7E-BEBF-4788-ABAF-DD619703AABC}.Debug|Any CPU.ActiveCfg = Debug|Any CPU
		{DD7ECE7E-BEBF-4788-ABAF-DD619703AABC}.Debug|Any CPU.Build.0 = Debug|Any CPU
		{DD7ECE7E-BEBF-4788-ABAF-DD619703AABC}.Debug|x64.ActiveCfg = Debug|Any CPU
		{DD7ECE7E-BEBF-4788-ABAF-DD619703AABC}.Debug|x64.Build.0 = Debug|Any CPU
		{DD7ECE7E-BEBF-4788-ABAF-DD619703AABC}.Debug|x86.ActiveCfg = Debug|Any CPU
		{DD7ECE7E-BEBF-4788-ABAF-DD619703AABC}.Debug|x86.Build.0 = Debug|Any CPU
		{DD7ECE7E-BEBF-4788-ABAF-DD619703AABC}.Release|Any CPU.ActiveCfg = Release|Any CPU
		{DD7ECE7E-BEBF-4788-ABAF-DD619703AABC}.Release|Any CPU.Build.0 = Release|Any CPU
		{DD7ECE7E-BEBF-4788-ABAF-DD619703AABC}.Release|x64.ActiveCfg = Release|Any CPU
		{DD7ECE7E-BEBF-4788-ABAF-DD619703AABC}.Release|x64.Build.0 = Release|Any CPU
		{DD7ECE7E-BEBF-4788-ABAF-DD619703AABC}.Release|x86.ActiveCfg = Release|Any CPU
		{DD7ECE7E-BEBF-4788-ABAF-DD619703AABC}.Release|x86.Build.0 = Release|Any CPU
		{94ABD1B0-3D99-40FE-9262-A5CAFFD89E68}.Debug|Any CPU.ActiveCfg = Debug|Any CPU
		{94ABD1B0-3D99-40FE-9262-A5CAFFD89E68}.Debug|Any CPU.Build.0 = Debug|Any CPU
		{94ABD1B0-3D99-40FE-9262-A5CAFFD89E68}.Debug|x64.ActiveCfg = Debug|Any CPU
		{94ABD1B0-3D99-40FE-9262-A5CAFFD89E68}.Debug|x64.Build.0 = Debug|Any CPU
		{94ABD1B0-3D99-40FE-9262-A5CAFFD89E68}.Debug|x86.ActiveCfg = Debug|Any CPU
		{94ABD1B0-3D99-40FE-9262-A5CAFFD89E68}.Debug|x86.Build.0 = Debug|Any CPU
		{94ABD1B0-3D99-40FE-9262-A5CAFFD89E68}.Release|Any CPU.ActiveCfg = Release|Any CPU
		{94ABD1B0-3D99-40FE-9262-A5CAFFD89E68}.Release|Any CPU.Build.0 = Release|Any CPU
		{94ABD1B0-3D99-40FE-9262-A5CAFFD89E68}.Release|x64.ActiveCfg = Release|Any CPU
		{94ABD1B0-3D99-40FE-9262-A5CAFFD89E68}.Release|x64.Build.0 = Release|Any CPU
		{94ABD1B0-3D99-40FE-9262-A5CAFFD89E68}.Release|x86.ActiveCfg = Release|Any CPU
		{94ABD1B0-3D99-40FE-9262-A5CAFFD89E68}.Release|x86.Build.0 = Release|Any CPU
		{AA16DCB3-780B-4ED5-8555-F94E57E9FD27}.Debug|Any CPU.ActiveCfg = Debug|Any CPU
		{AA16DCB3-780B-4ED5-8555-F94E57E9FD27}.Debug|Any CPU.Build.0 = Debug|Any CPU
		{AA16DCB3-780B-4ED5-8555-F94E57E9FD27}.Debug|x64.ActiveCfg = Debug|Any CPU
		{AA16DCB3-780B-4ED5-8555-F94E57E9FD27}.Debug|x64.Build.0 = Debug|Any CPU
		{AA16DCB3-780B-4ED5-8555-F94E57E9FD27}.Debug|x86.ActiveCfg = Debug|Any CPU
		{AA16DCB3-780B-4ED5-8555-F94E57E9FD27}.Debug|x86.Build.0 = Debug|Any CPU
		{AA16DCB3-780B-4ED5-8555-F94E57E9FD27}.Release|Any CPU.ActiveCfg = Release|Any CPU
		{AA16DCB3-780B-4ED5-8555-F94E57E9FD27}.Release|Any CPU.Build.0 = Release|Any CPU
		{AA16DCB3-780B-4ED5-8555-F94E57E9FD27}.Release|x64.ActiveCfg = Release|Any CPU
		{AA16DCB3-780B-4ED5-8555-F94E57E9FD27}.Release|x64.Build.0 = Release|Any CPU
		{AA16DCB3-780B-4ED5-8555-F94E57E9FD27}.Release|x86.ActiveCfg = Release|Any CPU
		{AA16DCB3-780B-4ED5-8555-F94E57E9FD27}.Release|x86.Build.0 = Release|Any CPU
		{687BCA80-E6C5-4852-A74F-309143B20B10}.Debug|Any CPU.ActiveCfg = Debug|Any CPU
		{687BCA80-E6C5-4852-A74F-309143B20B10}.Debug|Any CPU.Build.0 = Debug|Any CPU
		{687BCA80-E6C5-4852-A74F-309143B20B10}.Debug|x64.ActiveCfg = Debug|Any CPU
		{687BCA80-E6C5-4852-A74F-309143B20B10}.Debug|x64.Build.0 = Debug|Any CPU
		{687BCA80-E6C5-4852-A74F-309143B20B10}.Debug|x86.ActiveCfg = Debug|Any CPU
		{687BCA80-E6C5-4852-A74F-309143B20B10}.Debug|x86.Build.0 = Debug|Any CPU
		{687BCA80-E6C5-4852-A74F-309143B20B10}.Release|Any CPU.ActiveCfg = Release|Any CPU
		{687BCA80-E6C5-4852-A74F-309143B20B10}.Release|Any CPU.Build.0 = Release|Any CPU
		{687BCA80-E6C5-4852-A74F-309143B20B10}.Release|x64.ActiveCfg = Release|Any CPU
		{687BCA80-E6C5-4852-A74F-309143B20B10}.Release|x64.Build.0 = Release|Any CPU
		{687BCA80-E6C5-4852-A74F-309143B20B10}.Release|x86.ActiveCfg = Release|Any CPU
		{687BCA80-E6C5-4852-A74F-309143B20B10}.Release|x86.Build.0 = Release|Any CPU
		{FF1047FF-2A4E-4890-B829-66719447E60E}.Debug|Any CPU.ActiveCfg = Debug|Any CPU
		{FF1047FF-2A4E-4890-B829-66719447E60E}.Debug|Any CPU.Build.0 = Debug|Any CPU
		{FF1047FF-2A4E-4890-B829-66719447E60E}.Debug|x64.ActiveCfg = Debug|Any CPU
		{FF1047FF-2A4E-4890-B829-66719447E60E}.Debug|x64.Build.0 = Debug|Any CPU
		{FF1047FF-2A4E-4890-B829-66719447E60E}.Debug|x86.ActiveCfg = Debug|Any CPU
		{FF1047FF-2A4E-4890-B829-66719447E60E}.Debug|x86.Build.0 = Debug|Any CPU
		{FF1047FF-2A4E-4890-B829-66719447E60E}.Release|Any CPU.ActiveCfg = Release|Any CPU
		{FF1047FF-2A4E-4890-B829-66719447E60E}.Release|Any CPU.Build.0 = Release|Any CPU
		{FF1047FF-2A4E-4890-B829-66719447E60E}.Release|x64.ActiveCfg = Release|Any CPU
		{FF1047FF-2A4E-4890-B829-66719447E60E}.Release|x64.Build.0 = Release|Any CPU
		{FF1047FF-2A4E-4890-B829-66719447E60E}.Release|x86.ActiveCfg = Release|Any CPU
		{FF1047FF-2A4E-4890-B829-66719447E60E}.Release|x86.Build.0 = Release|Any CPU
		{52933DB1-FFB4-4CB3-9E29-EEAF157831EF}.Debug|Any CPU.ActiveCfg = Debug|Any CPU
		{52933DB1-FFB4-4CB3-9E29-EEAF157831EF}.Debug|Any CPU.Build.0 = Debug|Any CPU
		{52933DB1-FFB4-4CB3-9E29-EEAF157831EF}.Debug|x64.ActiveCfg = Debug|Any CPU
		{52933DB1-FFB4-4CB3-9E29-EEAF157831EF}.Debug|x64.Build.0 = Debug|Any CPU
		{52933DB1-FFB4-4CB3-9E29-EEAF157831EF}.Debug|x86.ActiveCfg = Debug|Any CPU
		{52933DB1-FFB4-4CB3-9E29-EEAF157831EF}.Debug|x86.Build.0 = Debug|Any CPU
		{52933DB1-FFB4-4CB3-9E29-EEAF157831EF}.Release|Any CPU.ActiveCfg = Release|Any CPU
		{52933DB1-FFB4-4CB3-9E29-EEAF157831EF}.Release|Any CPU.Build.0 = Release|Any CPU
		{52933DB1-FFB4-4CB3-9E29-EEAF157831EF}.Release|x64.ActiveCfg = Release|Any CPU
		{52933DB1-FFB4-4CB3-9E29-EEAF157831EF}.Release|x64.Build.0 = Release|Any CPU
		{52933DB1-FFB4-4CB3-9E29-EEAF157831EF}.Release|x86.ActiveCfg = Release|Any CPU
		{52933DB1-FFB4-4CB3-9E29-EEAF157831EF}.Release|x86.Build.0 = Release|Any CPU
		{B59FCA17-1588-418E-B237-9528F24577AD}.Debug|Any CPU.ActiveCfg = Debug|Any CPU
		{B59FCA17-1588-418E-B237-9528F24577AD}.Debug|Any CPU.Build.0 = Debug|Any CPU
		{B59FCA17-1588-418E-B237-9528F24577AD}.Debug|x64.ActiveCfg = Debug|Any CPU
		{B59FCA17-1588-418E-B237-9528F24577AD}.Debug|x64.Build.0 = Debug|Any CPU
		{B59FCA17-1588-418E-B237-9528F24577AD}.Debug|x86.ActiveCfg = Debug|Any CPU
		{B59FCA17-1588-418E-B237-9528F24577AD}.Debug|x86.Build.0 = Debug|Any CPU
		{B59FCA17-1588-418E-B237-9528F24577AD}.Release|Any CPU.ActiveCfg = Release|Any CPU
		{B59FCA17-1588-418E-B237-9528F24577AD}.Release|Any CPU.Build.0 = Release|Any CPU
		{B59FCA17-1588-418E-B237-9528F24577AD}.Release|x64.ActiveCfg = Release|Any CPU
		{B59FCA17-1588-418E-B237-9528F24577AD}.Release|x64.Build.0 = Release|Any CPU
		{B59FCA17-1588-418E-B237-9528F24577AD}.Release|x86.ActiveCfg = Release|Any CPU
		{B59FCA17-1588-418E-B237-9528F24577AD}.Release|x86.Build.0 = Release|Any CPU
		{51BBC3E2-6EA1-424A-A5D9-D28275E4D078}.Debug|Any CPU.ActiveCfg = Debug|Any CPU
		{51BBC3E2-6EA1-424A-A5D9-D28275E4D078}.Debug|Any CPU.Build.0 = Debug|Any CPU
		{51BBC3E2-6EA1-424A-A5D9-D28275E4D078}.Debug|x64.ActiveCfg = Debug|Any CPU
		{51BBC3E2-6EA1-424A-A5D9-D28275E4D078}.Debug|x64.Build.0 = Debug|Any CPU
		{51BBC3E2-6EA1-424A-A5D9-D28275E4D078}.Debug|x86.ActiveCfg = Debug|Any CPU
		{51BBC3E2-6EA1-424A-A5D9-D28275E4D078}.Debug|x86.Build.0 = Debug|Any CPU
		{51BBC3E2-6EA1-424A-A5D9-D28275E4D078}.Release|Any CPU.ActiveCfg = Release|Any CPU
		{51BBC3E2-6EA1-424A-A5D9-D28275E4D078}.Release|Any CPU.Build.0 = Release|Any CPU
		{51BBC3E2-6EA1-424A-A5D9-D28275E4D078}.Release|x64.ActiveCfg = Release|Any CPU
		{51BBC3E2-6EA1-424A-A5D9-D28275E4D078}.Release|x64.Build.0 = Release|Any CPU
		{51BBC3E2-6EA1-424A-A5D9-D28275E4D078}.Release|x86.ActiveCfg = Release|Any CPU
		{51BBC3E2-6EA1-424A-A5D9-D28275E4D078}.Release|x86.Build.0 = Release|Any CPU
		{92327709-6DF7-4381-9ED8-3374D95A3DE9}.Debug|Any CPU.ActiveCfg = Debug|Any CPU
		{92327709-6DF7-4381-9ED8-3374D95A3DE9}.Debug|Any CPU.Build.0 = Debug|Any CPU
		{92327709-6DF7-4381-9ED8-3374D95A3DE9}.Debug|x64.ActiveCfg = Debug|Any CPU
		{92327709-6DF7-4381-9ED8-3374D95A3DE9}.Debug|x64.Build.0 = Debug|Any CPU
		{92327709-6DF7-4381-9ED8-3374D95A3DE9}.Debug|x86.ActiveCfg = Debug|Any CPU
		{92327709-6DF7-4381-9ED8-3374D95A3DE9}.Debug|x86.Build.0 = Debug|Any CPU
		{92327709-6DF7-4381-9ED8-3374D95A3DE9}.Release|Any CPU.ActiveCfg = Release|Any CPU
		{92327709-6DF7-4381-9ED8-3374D95A3DE9}.Release|Any CPU.Build.0 = Release|Any CPU
		{92327709-6DF7-4381-9ED8-3374D95A3DE9}.Release|x64.ActiveCfg = Release|Any CPU
		{92327709-6DF7-4381-9ED8-3374D95A3DE9}.Release|x64.Build.0 = Release|Any CPU
		{92327709-6DF7-4381-9ED8-3374D95A3DE9}.Release|x86.ActiveCfg = Release|Any CPU
		{92327709-6DF7-4381-9ED8-3374D95A3DE9}.Release|x86.Build.0 = Release|Any CPU
		{417B0265-C9E7-4DB5-8A43-42558B955CEB}.Debug|Any CPU.ActiveCfg = Debug|Any CPU
		{417B0265-C9E7-4DB5-8A43-42558B955CEB}.Debug|Any CPU.Build.0 = Debug|Any CPU
		{417B0265-C9E7-4DB5-8A43-42558B955CEB}.Debug|x64.ActiveCfg = Debug|Any CPU
		{417B0265-C9E7-4DB5-8A43-42558B955CEB}.Debug|x64.Build.0 = Debug|Any CPU
		{417B0265-C9E7-4DB5-8A43-42558B955CEB}.Debug|x86.ActiveCfg = Debug|Any CPU
		{417B0265-C9E7-4DB5-8A43-42558B955CEB}.Debug|x86.Build.0 = Debug|Any CPU
		{417B0265-C9E7-4DB5-8A43-42558B955CEB}.Release|Any CPU.ActiveCfg = Release|Any CPU
		{417B0265-C9E7-4DB5-8A43-42558B955CEB}.Release|Any CPU.Build.0 = Release|Any CPU
		{417B0265-C9E7-4DB5-8A43-42558B955CEB}.Release|x64.ActiveCfg = Release|Any CPU
		{417B0265-C9E7-4DB5-8A43-42558B955CEB}.Release|x64.Build.0 = Release|Any CPU
		{417B0265-C9E7-4DB5-8A43-42558B955CEB}.Release|x86.ActiveCfg = Release|Any CPU
		{417B0265-C9E7-4DB5-8A43-42558B955CEB}.Release|x86.Build.0 = Release|Any CPU
		{7391794E-1D17-4100-B8D2-7C695D1B9483}.Debug|Any CPU.ActiveCfg = Debug|Any CPU
		{7391794E-1D17-4100-B8D2-7C695D1B9483}.Debug|Any CPU.Build.0 = Debug|Any CPU
		{7391794E-1D17-4100-B8D2-7C695D1B9483}.Debug|x64.ActiveCfg = Debug|Any CPU
		{7391794E-1D17-4100-B8D2-7C695D1B9483}.Debug|x64.Build.0 = Debug|Any CPU
		{7391794E-1D17-4100-B8D2-7C695D1B9483}.Debug|x86.ActiveCfg = Debug|Any CPU
		{7391794E-1D17-4100-B8D2-7C695D1B9483}.Debug|x86.Build.0 = Debug|Any CPU
		{7391794E-1D17-4100-B8D2-7C695D1B9483}.Release|Any CPU.ActiveCfg = Release|Any CPU
		{7391794E-1D17-4100-B8D2-7C695D1B9483}.Release|Any CPU.Build.0 = Release|Any CPU
		{7391794E-1D17-4100-B8D2-7C695D1B9483}.Release|x64.ActiveCfg = Release|Any CPU
		{7391794E-1D17-4100-B8D2-7C695D1B9483}.Release|x64.Build.0 = Release|Any CPU
		{7391794E-1D17-4100-B8D2-7C695D1B9483}.Release|x86.ActiveCfg = Release|Any CPU
		{7391794E-1D17-4100-B8D2-7C695D1B9483}.Release|x86.Build.0 = Release|Any CPU
		{93AFB865-DDA1-4CF4-AB08-1A3A68687EBC}.Debug|Any CPU.ActiveCfg = Debug|Any CPU
		{93AFB865-DDA1-4CF4-AB08-1A3A68687EBC}.Debug|Any CPU.Build.0 = Debug|Any CPU
		{93AFB865-DDA1-4CF4-AB08-1A3A68687EBC}.Debug|x64.ActiveCfg = Debug|Any CPU
		{93AFB865-DDA1-4CF4-AB08-1A3A68687EBC}.Debug|x64.Build.0 = Debug|Any CPU
		{93AFB865-DDA1-4CF4-AB08-1A3A68687EBC}.Debug|x86.ActiveCfg = Debug|Any CPU
		{93AFB865-DDA1-4CF4-AB08-1A3A68687EBC}.Debug|x86.Build.0 = Debug|Any CPU
		{93AFB865-DDA1-4CF4-AB08-1A3A68687EBC}.Release|Any CPU.ActiveCfg = Release|Any CPU
		{93AFB865-DDA1-4CF4-AB08-1A3A68687EBC}.Release|Any CPU.Build.0 = Release|Any CPU
		{93AFB865-DDA1-4CF4-AB08-1A3A68687EBC}.Release|x64.ActiveCfg = Release|Any CPU
		{93AFB865-DDA1-4CF4-AB08-1A3A68687EBC}.Release|x64.Build.0 = Release|Any CPU
		{93AFB865-DDA1-4CF4-AB08-1A3A68687EBC}.Release|x86.ActiveCfg = Release|Any CPU
		{93AFB865-DDA1-4CF4-AB08-1A3A68687EBC}.Release|x86.Build.0 = Release|Any CPU
		{F6E375AA-5597-4400-BBF3-0A19F27B2E70}.Debug|Any CPU.ActiveCfg = Debug|Any CPU
		{F6E375AA-5597-4400-BBF3-0A19F27B2E70}.Debug|Any CPU.Build.0 = Debug|Any CPU
		{F6E375AA-5597-4400-BBF3-0A19F27B2E70}.Debug|x64.ActiveCfg = Debug|Any CPU
		{F6E375AA-5597-4400-BBF3-0A19F27B2E70}.Debug|x64.Build.0 = Debug|Any CPU
		{F6E375AA-5597-4400-BBF3-0A19F27B2E70}.Debug|x86.ActiveCfg = Debug|Any CPU
		{F6E375AA-5597-4400-BBF3-0A19F27B2E70}.Debug|x86.Build.0 = Debug|Any CPU
		{F6E375AA-5597-4400-BBF3-0A19F27B2E70}.Release|Any CPU.ActiveCfg = Release|Any CPU
		{F6E375AA-5597-4400-BBF3-0A19F27B2E70}.Release|Any CPU.Build.0 = Release|Any CPU
		{F6E375AA-5597-4400-BBF3-0A19F27B2E70}.Release|x64.ActiveCfg = Release|Any CPU
		{F6E375AA-5597-4400-BBF3-0A19F27B2E70}.Release|x64.Build.0 = Release|Any CPU
		{F6E375AA-5597-4400-BBF3-0A19F27B2E70}.Release|x86.ActiveCfg = Release|Any CPU
		{F6E375AA-5597-4400-BBF3-0A19F27B2E70}.Release|x86.Build.0 = Release|Any CPU
		{7B1D7071-92F2-46CD-839D-C1AA71604B17}.Debug|Any CPU.ActiveCfg = Debug|Any CPU
		{7B1D7071-92F2-46CD-839D-C1AA71604B17}.Debug|Any CPU.Build.0 = Debug|Any CPU
		{7B1D7071-92F2-46CD-839D-C1AA71604B17}.Debug|x64.ActiveCfg = Debug|Any CPU
		{7B1D7071-92F2-46CD-839D-C1AA71604B17}.Debug|x64.Build.0 = Debug|Any CPU
		{7B1D7071-92F2-46CD-839D-C1AA71604B17}.Debug|x86.ActiveCfg = Debug|Any CPU
		{7B1D7071-92F2-46CD-839D-C1AA71604B17}.Debug|x86.Build.0 = Debug|Any CPU
		{7B1D7071-92F2-46CD-839D-C1AA71604B17}.Release|Any CPU.ActiveCfg = Release|Any CPU
		{7B1D7071-92F2-46CD-839D-C1AA71604B17}.Release|Any CPU.Build.0 = Release|Any CPU
		{7B1D7071-92F2-46CD-839D-C1AA71604B17}.Release|x64.ActiveCfg = Release|Any CPU
		{7B1D7071-92F2-46CD-839D-C1AA71604B17}.Release|x64.Build.0 = Release|Any CPU
		{7B1D7071-92F2-46CD-839D-C1AA71604B17}.Release|x86.ActiveCfg = Release|Any CPU
		{7B1D7071-92F2-46CD-839D-C1AA71604B17}.Release|x86.Build.0 = Release|Any CPU
		{E7362A5E-F4FD-43F8-9D43-58401F166629}.Debug|Any CPU.ActiveCfg = Debug|Any CPU
		{E7362A5E-F4FD-43F8-9D43-58401F166629}.Debug|Any CPU.Build.0 = Debug|Any CPU
		{E7362A5E-F4FD-43F8-9D43-58401F166629}.Debug|x64.ActiveCfg = Debug|Any CPU
		{E7362A5E-F4FD-43F8-9D43-58401F166629}.Debug|x64.Build.0 = Debug|Any CPU
		{E7362A5E-F4FD-43F8-9D43-58401F166629}.Debug|x86.ActiveCfg = Debug|Any CPU
		{E7362A5E-F4FD-43F8-9D43-58401F166629}.Debug|x86.Build.0 = Debug|Any CPU
		{E7362A5E-F4FD-43F8-9D43-58401F166629}.Release|Any CPU.ActiveCfg = Release|Any CPU
		{E7362A5E-F4FD-43F8-9D43-58401F166629}.Release|Any CPU.Build.0 = Release|Any CPU
		{E7362A5E-F4FD-43F8-9D43-58401F166629}.Release|x64.ActiveCfg = Release|Any CPU
		{E7362A5E-F4FD-43F8-9D43-58401F166629}.Release|x64.Build.0 = Release|Any CPU
		{E7362A5E-F4FD-43F8-9D43-58401F166629}.Release|x86.ActiveCfg = Release|Any CPU
		{E7362A5E-F4FD-43F8-9D43-58401F166629}.Release|x86.Build.0 = Release|Any CPU
		{FA9684C2-BFBA-4B2B-8B08-E5C7DB6C72C2}.Debug|Any CPU.ActiveCfg = Debug|Any CPU
		{FA9684C2-BFBA-4B2B-8B08-E5C7DB6C72C2}.Debug|Any CPU.Build.0 = Debug|Any CPU
		{FA9684C2-BFBA-4B2B-8B08-E5C7DB6C72C2}.Debug|x64.ActiveCfg = Debug|Any CPU
		{FA9684C2-BFBA-4B2B-8B08-E5C7DB6C72C2}.Debug|x64.Build.0 = Debug|Any CPU
		{FA9684C2-BFBA-4B2B-8B08-E5C7DB6C72C2}.Debug|x86.ActiveCfg = Debug|Any CPU
		{FA9684C2-BFBA-4B2B-8B08-E5C7DB6C72C2}.Debug|x86.Build.0 = Debug|Any CPU
		{FA9684C2-BFBA-4B2B-8B08-E5C7DB6C72C2}.Release|Any CPU.ActiveCfg = Release|Any CPU
		{FA9684C2-BFBA-4B2B-8B08-E5C7DB6C72C2}.Release|Any CPU.Build.0 = Release|Any CPU
		{FA9684C2-BFBA-4B2B-8B08-E5C7DB6C72C2}.Release|x64.ActiveCfg = Release|Any CPU
		{FA9684C2-BFBA-4B2B-8B08-E5C7DB6C72C2}.Release|x64.Build.0 = Release|Any CPU
		{FA9684C2-BFBA-4B2B-8B08-E5C7DB6C72C2}.Release|x86.ActiveCfg = Release|Any CPU
		{FA9684C2-BFBA-4B2B-8B08-E5C7DB6C72C2}.Release|x86.Build.0 = Release|Any CPU
		{C1187649-A652-43B7-B560-816F629020C4}.Debug|Any CPU.ActiveCfg = Debug|Any CPU
		{C1187649-A652-43B7-B560-816F629020C4}.Debug|Any CPU.Build.0 = Debug|Any CPU
		{C1187649-A652-43B7-B560-816F629020C4}.Debug|x64.ActiveCfg = Debug|Any CPU
		{C1187649-A652-43B7-B560-816F629020C4}.Debug|x64.Build.0 = Debug|Any CPU
		{C1187649-A652-43B7-B560-816F629020C4}.Debug|x86.ActiveCfg = Debug|Any CPU
		{C1187649-A652-43B7-B560-816F629020C4}.Debug|x86.Build.0 = Debug|Any CPU
		{C1187649-A652-43B7-B560-816F629020C4}.Release|Any CPU.ActiveCfg = Release|Any CPU
		{C1187649-A652-43B7-B560-816F629020C4}.Release|Any CPU.Build.0 = Release|Any CPU
		{C1187649-A652-43B7-B560-816F629020C4}.Release|x64.ActiveCfg = Release|Any CPU
		{C1187649-A652-43B7-B560-816F629020C4}.Release|x64.Build.0 = Release|Any CPU
		{C1187649-A652-43B7-B560-816F629020C4}.Release|x86.ActiveCfg = Release|Any CPU
		{C1187649-A652-43B7-B560-816F629020C4}.Release|x86.Build.0 = Release|Any CPU
		{14886FF9-FE52-4AE6-97C5-A665C522CD98}.Debug|Any CPU.ActiveCfg = Debug|Any CPU
		{14886FF9-FE52-4AE6-97C5-A665C522CD98}.Debug|Any CPU.Build.0 = Debug|Any CPU
		{14886FF9-FE52-4AE6-97C5-A665C522CD98}.Debug|x64.ActiveCfg = Debug|Any CPU
		{14886FF9-FE52-4AE6-97C5-A665C522CD98}.Debug|x64.Build.0 = Debug|Any CPU
		{14886FF9-FE52-4AE6-97C5-A665C522CD98}.Debug|x86.ActiveCfg = Debug|Any CPU
		{14886FF9-FE52-4AE6-97C5-A665C522CD98}.Debug|x86.Build.0 = Debug|Any CPU
		{14886FF9-FE52-4AE6-97C5-A665C522CD98}.Release|Any CPU.ActiveCfg = Release|Any CPU
		{14886FF9-FE52-4AE6-97C5-A665C522CD98}.Release|Any CPU.Build.0 = Release|Any CPU
		{14886FF9-FE52-4AE6-97C5-A665C522CD98}.Release|x64.ActiveCfg = Release|Any CPU
		{14886FF9-FE52-4AE6-97C5-A665C522CD98}.Release|x64.Build.0 = Release|Any CPU
		{14886FF9-FE52-4AE6-97C5-A665C522CD98}.Release|x86.ActiveCfg = Release|Any CPU
		{14886FF9-FE52-4AE6-97C5-A665C522CD98}.Release|x86.Build.0 = Release|Any CPU
		{63254440-DDED-4C7A-9667-29A24B03D3F9}.Debug|Any CPU.ActiveCfg = Debug|Any CPU
		{63254440-DDED-4C7A-9667-29A24B03D3F9}.Debug|Any CPU.Build.0 = Debug|Any CPU
		{63254440-DDED-4C7A-9667-29A24B03D3F9}.Debug|x64.ActiveCfg = Debug|Any CPU
		{63254440-DDED-4C7A-9667-29A24B03D3F9}.Debug|x64.Build.0 = Debug|Any CPU
		{63254440-DDED-4C7A-9667-29A24B03D3F9}.Debug|x86.ActiveCfg = Debug|Any CPU
		{63254440-DDED-4C7A-9667-29A24B03D3F9}.Debug|x86.Build.0 = Debug|Any CPU
		{63254440-DDED-4C7A-9667-29A24B03D3F9}.Release|Any CPU.ActiveCfg = Release|Any CPU
		{63254440-DDED-4C7A-9667-29A24B03D3F9}.Release|Any CPU.Build.0 = Release|Any CPU
		{63254440-DDED-4C7A-9667-29A24B03D3F9}.Release|x64.ActiveCfg = Release|Any CPU
		{63254440-DDED-4C7A-9667-29A24B03D3F9}.Release|x64.Build.0 = Release|Any CPU
		{63254440-DDED-4C7A-9667-29A24B03D3F9}.Release|x86.ActiveCfg = Release|Any CPU
		{63254440-DDED-4C7A-9667-29A24B03D3F9}.Release|x86.Build.0 = Release|Any CPU
		{769E1DD0-1F08-4A61-972A-50AB7CAEE7FD}.Debug|Any CPU.ActiveCfg = Debug|Any CPU
		{769E1DD0-1F08-4A61-972A-50AB7CAEE7FD}.Debug|Any CPU.Build.0 = Debug|Any CPU
		{769E1DD0-1F08-4A61-972A-50AB7CAEE7FD}.Debug|x64.ActiveCfg = Debug|Any CPU
		{769E1DD0-1F08-4A61-972A-50AB7CAEE7FD}.Debug|x64.Build.0 = Debug|Any CPU
		{769E1DD0-1F08-4A61-972A-50AB7CAEE7FD}.Debug|x86.ActiveCfg = Debug|Any CPU
		{769E1DD0-1F08-4A61-972A-50AB7CAEE7FD}.Debug|x86.Build.0 = Debug|Any CPU
		{769E1DD0-1F08-4A61-972A-50AB7CAEE7FD}.Release|Any CPU.ActiveCfg = Release|Any CPU
		{769E1DD0-1F08-4A61-972A-50AB7CAEE7FD}.Release|Any CPU.Build.0 = Release|Any CPU
		{769E1DD0-1F08-4A61-972A-50AB7CAEE7FD}.Release|x64.ActiveCfg = Release|Any CPU
		{769E1DD0-1F08-4A61-972A-50AB7CAEE7FD}.Release|x64.Build.0 = Release|Any CPU
		{769E1DD0-1F08-4A61-972A-50AB7CAEE7FD}.Release|x86.ActiveCfg = Release|Any CPU
		{769E1DD0-1F08-4A61-972A-50AB7CAEE7FD}.Release|x86.Build.0 = Release|Any CPU
		{AB20E03B-26F2-4124-BD7A-542841559486}.Debug|Any CPU.ActiveCfg = Debug|Any CPU
		{AB20E03B-26F2-4124-BD7A-542841559486}.Debug|Any CPU.Build.0 = Debug|Any CPU
		{AB20E03B-26F2-4124-BD7A-542841559486}.Debug|x64.ActiveCfg = Debug|Any CPU
		{AB20E03B-26F2-4124-BD7A-542841559486}.Debug|x64.Build.0 = Debug|Any CPU
		{AB20E03B-26F2-4124-BD7A-542841559486}.Debug|x86.ActiveCfg = Debug|Any CPU
		{AB20E03B-26F2-4124-BD7A-542841559486}.Debug|x86.Build.0 = Debug|Any CPU
		{AB20E03B-26F2-4124-BD7A-542841559486}.Release|Any CPU.ActiveCfg = Release|Any CPU
		{AB20E03B-26F2-4124-BD7A-542841559486}.Release|Any CPU.Build.0 = Release|Any CPU
		{AB20E03B-26F2-4124-BD7A-542841559486}.Release|x64.ActiveCfg = Release|Any CPU
		{AB20E03B-26F2-4124-BD7A-542841559486}.Release|x64.Build.0 = Release|Any CPU
		{AB20E03B-26F2-4124-BD7A-542841559486}.Release|x86.ActiveCfg = Release|Any CPU
		{AB20E03B-26F2-4124-BD7A-542841559486}.Release|x86.Build.0 = Release|Any CPU
		{96A2FACC-027F-4ACE-B7B5-9E8214F4E5A8}.Debug|Any CPU.ActiveCfg = Debug|Any CPU
		{96A2FACC-027F-4ACE-B7B5-9E8214F4E5A8}.Debug|Any CPU.Build.0 = Debug|Any CPU
		{96A2FACC-027F-4ACE-B7B5-9E8214F4E5A8}.Debug|x64.ActiveCfg = Debug|Any CPU
		{96A2FACC-027F-4ACE-B7B5-9E8214F4E5A8}.Debug|x64.Build.0 = Debug|Any CPU
		{96A2FACC-027F-4ACE-B7B5-9E8214F4E5A8}.Debug|x86.ActiveCfg = Debug|Any CPU
		{96A2FACC-027F-4ACE-B7B5-9E8214F4E5A8}.Debug|x86.Build.0 = Debug|Any CPU
		{96A2FACC-027F-4ACE-B7B5-9E8214F4E5A8}.Release|Any CPU.ActiveCfg = Release|Any CPU
		{96A2FACC-027F-4ACE-B7B5-9E8214F4E5A8}.Release|Any CPU.Build.0 = Release|Any CPU
		{96A2FACC-027F-4ACE-B7B5-9E8214F4E5A8}.Release|x64.ActiveCfg = Release|Any CPU
		{96A2FACC-027F-4ACE-B7B5-9E8214F4E5A8}.Release|x64.Build.0 = Release|Any CPU
		{96A2FACC-027F-4ACE-B7B5-9E8214F4E5A8}.Release|x86.ActiveCfg = Release|Any CPU
		{96A2FACC-027F-4ACE-B7B5-9E8214F4E5A8}.Release|x86.Build.0 = Release|Any CPU
		{94E84FF6-49F3-4ECD-AAAE-4905C833FDA4}.Debug|Any CPU.ActiveCfg = Debug|Any CPU
		{94E84FF6-49F3-4ECD-AAAE-4905C833FDA4}.Debug|Any CPU.Build.0 = Debug|Any CPU
		{94E84FF6-49F3-4ECD-AAAE-4905C833FDA4}.Debug|x64.ActiveCfg = Debug|Any CPU
		{94E84FF6-49F3-4ECD-AAAE-4905C833FDA4}.Debug|x64.Build.0 = Debug|Any CPU
		{94E84FF6-49F3-4ECD-AAAE-4905C833FDA4}.Debug|x86.ActiveCfg = Debug|Any CPU
		{94E84FF6-49F3-4ECD-AAAE-4905C833FDA4}.Debug|x86.Build.0 = Debug|Any CPU
		{94E84FF6-49F3-4ECD-AAAE-4905C833FDA4}.Release|Any CPU.ActiveCfg = Release|Any CPU
		{94E84FF6-49F3-4ECD-AAAE-4905C833FDA4}.Release|Any CPU.Build.0 = Release|Any CPU
		{94E84FF6-49F3-4ECD-AAAE-4905C833FDA4}.Release|x64.ActiveCfg = Release|Any CPU
		{94E84FF6-49F3-4ECD-AAAE-4905C833FDA4}.Release|x64.Build.0 = Release|Any CPU
		{94E84FF6-49F3-4ECD-AAAE-4905C833FDA4}.Release|x86.ActiveCfg = Release|Any CPU
		{94E84FF6-49F3-4ECD-AAAE-4905C833FDA4}.Release|x86.Build.0 = Release|Any CPU
		{9B0B6C46-DD3D-46C6-B2F6-3014BBA50290}.Debug|Any CPU.ActiveCfg = Debug|Any CPU
		{9B0B6C46-DD3D-46C6-B2F6-3014BBA50290}.Debug|Any CPU.Build.0 = Debug|Any CPU
		{9B0B6C46-DD3D-46C6-B2F6-3014BBA50290}.Debug|x64.ActiveCfg = Debug|Any CPU
		{9B0B6C46-DD3D-46C6-B2F6-3014BBA50290}.Debug|x64.Build.0 = Debug|Any CPU
		{9B0B6C46-DD3D-46C6-B2F6-3014BBA50290}.Debug|x86.ActiveCfg = Debug|Any CPU
		{9B0B6C46-DD3D-46C6-B2F6-3014BBA50290}.Debug|x86.Build.0 = Debug|Any CPU
		{9B0B6C46-DD3D-46C6-B2F6-3014BBA50290}.Release|Any CPU.ActiveCfg = Release|Any CPU
		{9B0B6C46-DD3D-46C6-B2F6-3014BBA50290}.Release|Any CPU.Build.0 = Release|Any CPU
		{9B0B6C46-DD3D-46C6-B2F6-3014BBA50290}.Release|x64.ActiveCfg = Release|Any CPU
		{9B0B6C46-DD3D-46C6-B2F6-3014BBA50290}.Release|x64.Build.0 = Release|Any CPU
		{9B0B6C46-DD3D-46C6-B2F6-3014BBA50290}.Release|x86.ActiveCfg = Release|Any CPU
		{9B0B6C46-DD3D-46C6-B2F6-3014BBA50290}.Release|x86.Build.0 = Release|Any CPU
		{68C2A42B-70F8-48A4-B580-851B9F8E3BBA}.Debug|Any CPU.ActiveCfg = Debug|Any CPU
		{68C2A42B-70F8-48A4-B580-851B9F8E3BBA}.Debug|Any CPU.Build.0 = Debug|Any CPU
		{68C2A42B-70F8-48A4-B580-851B9F8E3BBA}.Debug|x64.ActiveCfg = Debug|Any CPU
		{68C2A42B-70F8-48A4-B580-851B9F8E3BBA}.Debug|x64.Build.0 = Debug|Any CPU
		{68C2A42B-70F8-48A4-B580-851B9F8E3BBA}.Debug|x86.ActiveCfg = Debug|Any CPU
		{68C2A42B-70F8-48A4-B580-851B9F8E3BBA}.Debug|x86.Build.0 = Debug|Any CPU
		{68C2A42B-70F8-48A4-B580-851B9F8E3BBA}.Release|Any CPU.ActiveCfg = Release|Any CPU
		{68C2A42B-70F8-48A4-B580-851B9F8E3BBA}.Release|Any CPU.Build.0 = Release|Any CPU
		{68C2A42B-70F8-48A4-B580-851B9F8E3BBA}.Release|x64.ActiveCfg = Release|Any CPU
		{68C2A42B-70F8-48A4-B580-851B9F8E3BBA}.Release|x64.Build.0 = Release|Any CPU
		{68C2A42B-70F8-48A4-B580-851B9F8E3BBA}.Release|x86.ActiveCfg = Release|Any CPU
		{68C2A42B-70F8-48A4-B580-851B9F8E3BBA}.Release|x86.Build.0 = Release|Any CPU
	EndGlobalSection
	GlobalSection(SolutionProperties) = preSolution
		HideSolutionNode = FALSE
	EndGlobalSection
	GlobalSection(ExtensibilityGlobals) = postSolution
		SolutionGuid = {AEAB7060-F45E-4A5F-9251-74329C189299}
	EndGlobalSection
EndGlobal
